// !$*UTF8*$!
{
	archiveVersion = 1;
	classes = {
	};
	objectVersion = 56;
	objects = {

/* Begin PBXBuildFile section */
		811089E229857C36001D4E58 /* ActivityButtonsView.swift in Sources */ = {isa = PBXBuildFile; fileRef = 811089E129857C36001D4E58 /* ActivityButtonsView.swift */; };
		811089E629857E7B001D4E58 /* RoundedButton.swift in Sources */ = {isa = PBXBuildFile; fileRef = 811089E529857E7B001D4E58 /* RoundedButton.swift */; };
		814D3F91293CDD2E00553B46 /* ActivityView.swift in Sources */ = {isa = PBXBuildFile; fileRef = 814D3F90293CDD2E00553B46 /* ActivityView.swift */; };
		815550AA293F99CD000A2952 /* Async+Future.swift in Sources */ = {isa = PBXBuildFile; fileRef = 815550A9293F99CD000A2952 /* Async+Future.swift */; };
		8159C43E2940D55600716330 /* ActivitySectionHeaderView.swift in Sources */ = {isa = PBXBuildFile; fileRef = 8159C43D2940D55600716330 /* ActivitySectionHeaderView.swift */; };
		8159C4402941CB4B00716330 /* ActivityRowView.swift in Sources */ = {isa = PBXBuildFile; fileRef = 8159C43F2941CB4B00716330 /* ActivityRowView.swift */; };
		8159C4432941D05400716330 /* TimerView.swift in Sources */ = {isa = PBXBuildFile; fileRef = 8159C4422941D05400716330 /* TimerView.swift */; };
		81B2212029717CDE005C4A15 /* ActivityDetailView.swift in Sources */ = {isa = PBXBuildFile; fileRef = 81B2211F29717CDE005C4A15 /* ActivityDetailView.swift */; };
		81B2212329717D1C005C4A15 /* LabelledFormView.swift in Sources */ = {isa = PBXBuildFile; fileRef = 81B2212129717D1C005C4A15 /* LabelledFormView.swift */; };
		81B2212429717D1C005C4A15 /* FormTextField.swift in Sources */ = {isa = PBXBuildFile; fileRef = 81B2212229717D1C005C4A15 /* FormTextField.swift */; };
		81B2212629718019005C4A15 /* ActivityDetail.swift in Sources */ = {isa = PBXBuildFile; fileRef = 81B2212529718019005C4A15 /* ActivityDetail.swift */; };
		81CD4EF92937E060007CE048 /* RootView.swift in Sources */ = {isa = PBXBuildFile; fileRef = 81CD4EF82937E060007CE048 /* RootView.swift */; };
		81CD4EFD2937E0AD007CE048 /* RootFeature.swift in Sources */ = {isa = PBXBuildFile; fileRef = 81CD4EFC2937E0AD007CE048 /* RootFeature.swift */; };
		81CD4F00293917AE007CE048 /* SystemEnvironment.swift in Sources */ = {isa = PBXBuildFile; fileRef = 81CD4EFF293917AE007CE048 /* SystemEnvironment.swift */; };
		81CD4F15293C8918007CE048 /* ActivityFeature.swift in Sources */ = {isa = PBXBuildFile; fileRef = 81CD4F14293C8918007CE048 /* ActivityFeature.swift */; };
		81F2519A29291CFC00B90C0E /* NaptimeApp.swift in Sources */ = {isa = PBXBuildFile; fileRef = 81F2519929291CFC00B90C0E /* NaptimeApp.swift */; };
		81F251A329291CFD00B90C0E /* Assets.xcassets in Resources */ = {isa = PBXBuildFile; fileRef = 81F251A229291CFD00B90C0E /* Assets.xcassets */; };
		81F251A729291CFD00B90C0E /* Preview Assets.xcassets in Resources */ = {isa = PBXBuildFile; fileRef = 81F251A629291CFD00B90C0E /* Preview Assets.xcassets */; };
		81F251B129291CFD00B90C0E /* NaptimeTests.swift in Sources */ = {isa = PBXBuildFile; fileRef = 81F251B029291CFD00B90C0E /* NaptimeTests.swift */; };
		81F251BB29291CFD00B90C0E /* NaptimeUITests.swift in Sources */ = {isa = PBXBuildFile; fileRef = 81F251BA29291CFD00B90C0E /* NaptimeUITests.swift */; };
		81F251BD29291CFD00B90C0E /* NaptimeUITestsLaunchTests.swift in Sources */ = {isa = PBXBuildFile; fileRef = 81F251BC29291CFD00B90C0E /* NaptimeUITestsLaunchTests.swift */; };
		81F251CB29291E1800B90C0E /* ComposableArchitecture in Frameworks */ = {isa = PBXBuildFile; productRef = 81F251CA29291E1800B90C0E /* ComposableArchitecture */; };
		81F251CD29291E1800B90C0E /* Dependencies in Frameworks */ = {isa = PBXBuildFile; productRef = 81F251CC29291E1800B90C0E /* Dependencies */; };
		81FDB60C296D3A6E00B0231A /* NapTimeData in Frameworks */ = {isa = PBXBuildFile; productRef = 81FDB60B296D3A6E00B0231A /* NapTimeData */; };
/* End PBXBuildFile section */

/* Begin PBXContainerItemProxy section */
		81F251AD29291CFD00B90C0E /* PBXContainerItemProxy */ = {
			isa = PBXContainerItemProxy;
			containerPortal = 81F2518E29291CFC00B90C0E /* Project object */;
			proxyType = 1;
			remoteGlobalIDString = 81F2519529291CFC00B90C0E;
			remoteInfo = Naptime;
		};
		81F251B729291CFD00B90C0E /* PBXContainerItemProxy */ = {
			isa = PBXContainerItemProxy;
			containerPortal = 81F2518E29291CFC00B90C0E /* Project object */;
			proxyType = 1;
			remoteGlobalIDString = 81F2519529291CFC00B90C0E;
			remoteInfo = Naptime;
		};
/* End PBXContainerItemProxy section */

/* Begin PBXFileReference section */
		811089E129857C36001D4E58 /* ActivityButtonsView.swift */ = {isa = PBXFileReference; lastKnownFileType = sourcecode.swift; path = ActivityButtonsView.swift; sourceTree = "<group>"; };
		811089E529857E7B001D4E58 /* RoundedButton.swift */ = {isa = PBXFileReference; lastKnownFileType = sourcecode.swift; path = RoundedButton.swift; sourceTree = "<group>"; };
		814D3F90293CDD2E00553B46 /* ActivityView.swift */ = {isa = PBXFileReference; lastKnownFileType = sourcecode.swift; path = ActivityView.swift; sourceTree = "<group>"; };
		815550A9293F99CD000A2952 /* Async+Future.swift */ = {isa = PBXFileReference; lastKnownFileType = sourcecode.swift; path = "Async+Future.swift"; sourceTree = "<group>"; };
		8159C43D2940D55600716330 /* ActivitySectionHeaderView.swift */ = {isa = PBXFileReference; lastKnownFileType = sourcecode.swift; path = ActivitySectionHeaderView.swift; sourceTree = "<group>"; };
		8159C43F2941CB4B00716330 /* ActivityRowView.swift */ = {isa = PBXFileReference; lastKnownFileType = sourcecode.swift; path = ActivityRowView.swift; sourceTree = "<group>"; };
		8159C4422941D05400716330 /* TimerView.swift */ = {isa = PBXFileReference; lastKnownFileType = sourcecode.swift; path = TimerView.swift; sourceTree = "<group>"; };
		81787EE6294655A60031BE99 /* NapTimeData */ = {isa = PBXFileReference; lastKnownFileType = wrapper; path = NapTimeData; sourceTree = "<group>"; };
		81B2211F29717CDE005C4A15 /* ActivityDetailView.swift */ = {isa = PBXFileReference; lastKnownFileType = sourcecode.swift; path = ActivityDetailView.swift; sourceTree = "<group>"; };
		81B2212129717D1C005C4A15 /* LabelledFormView.swift */ = {isa = PBXFileReference; fileEncoding = 4; lastKnownFileType = sourcecode.swift; path = LabelledFormView.swift; sourceTree = "<group>"; };
		81B2212229717D1C005C4A15 /* FormTextField.swift */ = {isa = PBXFileReference; fileEncoding = 4; lastKnownFileType = sourcecode.swift; path = FormTextField.swift; sourceTree = "<group>"; };
		81B2212529718019005C4A15 /* ActivityDetail.swift */ = {isa = PBXFileReference; lastKnownFileType = sourcecode.swift; path = ActivityDetail.swift; sourceTree = "<group>"; };
		81CD4EF82937E060007CE048 /* RootView.swift */ = {isa = PBXFileReference; lastKnownFileType = sourcecode.swift; path = RootView.swift; sourceTree = "<group>"; };
		81CD4EFC2937E0AD007CE048 /* RootFeature.swift */ = {isa = PBXFileReference; lastKnownFileType = sourcecode.swift; path = RootFeature.swift; sourceTree = "<group>"; };
		81CD4EFF293917AE007CE048 /* SystemEnvironment.swift */ = {isa = PBXFileReference; lastKnownFileType = sourcecode.swift; path = SystemEnvironment.swift; sourceTree = "<group>"; };
		81CD4F14293C8918007CE048 /* ActivityFeature.swift */ = {isa = PBXFileReference; lastKnownFileType = sourcecode.swift; path = ActivityFeature.swift; sourceTree = "<group>"; };
		81F2519629291CFC00B90C0E /* Naptime.app */ = {isa = PBXFileReference; explicitFileType = wrapper.application; includeInIndex = 0; path = Naptime.app; sourceTree = BUILT_PRODUCTS_DIR; };
		81F2519929291CFC00B90C0E /* NaptimeApp.swift */ = {isa = PBXFileReference; lastKnownFileType = sourcecode.swift; path = NaptimeApp.swift; sourceTree = "<group>"; };
		81F251A229291CFD00B90C0E /* Assets.xcassets */ = {isa = PBXFileReference; lastKnownFileType = folder.assetcatalog; path = Assets.xcassets; sourceTree = "<group>"; };
		81F251A429291CFD00B90C0E /* Naptime.entitlements */ = {isa = PBXFileReference; lastKnownFileType = text.plist.entitlements; path = Naptime.entitlements; sourceTree = "<group>"; };
		81F251A629291CFD00B90C0E /* Preview Assets.xcassets */ = {isa = PBXFileReference; lastKnownFileType = folder.assetcatalog; path = "Preview Assets.xcassets"; sourceTree = "<group>"; };
		81F251AC29291CFD00B90C0E /* NaptimeTests.xctest */ = {isa = PBXFileReference; explicitFileType = wrapper.cfbundle; includeInIndex = 0; path = NaptimeTests.xctest; sourceTree = BUILT_PRODUCTS_DIR; };
		81F251B029291CFD00B90C0E /* NaptimeTests.swift */ = {isa = PBXFileReference; lastKnownFileType = sourcecode.swift; path = NaptimeTests.swift; sourceTree = "<group>"; };
		81F251B629291CFD00B90C0E /* NaptimeUITests.xctest */ = {isa = PBXFileReference; explicitFileType = wrapper.cfbundle; includeInIndex = 0; path = NaptimeUITests.xctest; sourceTree = BUILT_PRODUCTS_DIR; };
		81F251BA29291CFD00B90C0E /* NaptimeUITests.swift */ = {isa = PBXFileReference; lastKnownFileType = sourcecode.swift; path = NaptimeUITests.swift; sourceTree = "<group>"; };
		81F251BC29291CFD00B90C0E /* NaptimeUITestsLaunchTests.swift */ = {isa = PBXFileReference; lastKnownFileType = sourcecode.swift; path = NaptimeUITestsLaunchTests.swift; sourceTree = "<group>"; };
/* End PBXFileReference section */

/* Begin PBXFrameworksBuildPhase section */
		81F2519329291CFC00B90C0E /* Frameworks */ = {
			isa = PBXFrameworksBuildPhase;
			buildActionMask = 2147483647;
			files = (
				81F251CB29291E1800B90C0E /* ComposableArchitecture in Frameworks */,
				81FDB60C296D3A6E00B0231A /* NapTimeData in Frameworks */,
				81F251CD29291E1800B90C0E /* Dependencies in Frameworks */,
			);
			runOnlyForDeploymentPostprocessing = 0;
		};
		81F251A929291CFD00B90C0E /* Frameworks */ = {
			isa = PBXFrameworksBuildPhase;
			buildActionMask = 2147483647;
			files = (
			);
			runOnlyForDeploymentPostprocessing = 0;
		};
		81F251B329291CFD00B90C0E /* Frameworks */ = {
			isa = PBXFrameworksBuildPhase;
			buildActionMask = 2147483647;
			files = (
			);
			runOnlyForDeploymentPostprocessing = 0;
		};
/* End PBXFrameworksBuildPhase section */

/* Begin PBXGroup section */
		811089E329857E69001D4E58 /* ViewComponents */ = {
			isa = PBXGroup;
			children = (
				811089E429857E70001D4E58 /* ButtonStyles */,
			);
			path = ViewComponents;
			sourceTree = "<group>";
		};
		811089E429857E70001D4E58 /* ButtonStyles */ = {
			isa = PBXGroup;
			children = (
				811089E529857E7B001D4E58 /* RoundedButton.swift */,
			);
			path = ButtonStyles;
			sourceTree = "<group>";
		};
		815550A8293F99BF000A2952 /* Extensions */ = {
			isa = PBXGroup;
			children = (
				815550A9293F99CD000A2952 /* Async+Future.swift */,
			);
			path = Extensions;
			sourceTree = "<group>";
		};
		8159C4412941D04100716330 /* Components */ = {
			isa = PBXGroup;
			children = (
				81B2212229717D1C005C4A15 /* FormTextField.swift */,
				81B2212129717D1C005C4A15 /* LabelledFormView.swift */,
				8159C4422941D05400716330 /* TimerView.swift */,
			);
			path = Components;
			sourceTree = "<group>";
		};
		81787EE7294659B90031BE99 /* Frameworks */ = {
			isa = PBXGroup;
			children = (
			);
			name = Frameworks;
			sourceTree = "<group>";
		};
		81B2211E29717CD0005C4A15 /* ActivityDetail */ = {
			isa = PBXGroup;
			children = (
				81B2211F29717CDE005C4A15 /* ActivityDetailView.swift */,
				81B2212529718019005C4A15 /* ActivityDetail.swift */,
			);
			path = ActivityDetail;
			sourceTree = "<group>";
		};
		81CD4EF72937E058007CE048 /* Root */ = {
			isa = PBXGroup;
			children = (
				81CD4EF82937E060007CE048 /* RootView.swift */,
				81CD4EFC2937E0AD007CE048 /* RootFeature.swift */,
			);
			path = Root;
			sourceTree = "<group>";
		};
		81CD4EFE293917A1007CE048 /* Shared */ = {
			isa = PBXGroup;
			children = (
				81CD4EFF293917AE007CE048 /* SystemEnvironment.swift */,
			);
			path = Shared;
			sourceTree = "<group>";
		};
		81CD4F13293C88F8007CE048 /* Activity */ = {
			isa = PBXGroup;
			children = (
				81B2211E29717CD0005C4A15 /* ActivityDetail */,
				8159C4412941D04100716330 /* Components */,
				81CD4F14293C8918007CE048 /* ActivityFeature.swift */,
				814D3F90293CDD2E00553B46 /* ActivityView.swift */,
				8159C43D2940D55600716330 /* ActivitySectionHeaderView.swift */,
				8159C43F2941CB4B00716330 /* ActivityRowView.swift */,
				811089E129857C36001D4E58 /* ActivityButtonsView.swift */,
			);
			path = Activity;
			sourceTree = "<group>";
		};
		81F2518D29291CFC00B90C0E = {
			isa = PBXGroup;
			children = (
				81787EE6294655A60031BE99 /* NapTimeData */,
				81F2519829291CFC00B90C0E /* Naptime */,
				81F251AF29291CFD00B90C0E /* NaptimeTests */,
				81F251B929291CFD00B90C0E /* NaptimeUITests */,
				81F2519729291CFC00B90C0E /* Products */,
				81787EE7294659B90031BE99 /* Frameworks */,
			);
			sourceTree = "<group>";
		};
		81F2519729291CFC00B90C0E /* Products */ = {
			isa = PBXGroup;
			children = (
				81F2519629291CFC00B90C0E /* Naptime.app */,
				81F251AC29291CFD00B90C0E /* NaptimeTests.xctest */,
				81F251B629291CFD00B90C0E /* NaptimeUITests.xctest */,
			);
			name = Products;
			sourceTree = "<group>";
		};
		81F2519829291CFC00B90C0E /* Naptime */ = {
			isa = PBXGroup;
			children = (
				811089E329857E69001D4E58 /* ViewComponents */,
				815550A8293F99BF000A2952 /* Extensions */,
				81CD4F13293C88F8007CE048 /* Activity */,
				81CD4EFE293917A1007CE048 /* Shared */,
				81CD4EF72937E058007CE048 /* Root */,
				81F2519929291CFC00B90C0E /* NaptimeApp.swift */,
				81F251A229291CFD00B90C0E /* Assets.xcassets */,
				81F251A429291CFD00B90C0E /* Naptime.entitlements */,
				81F251A529291CFD00B90C0E /* Preview Content */,
			);
			path = Naptime;
			sourceTree = "<group>";
		};
		81F251A529291CFD00B90C0E /* Preview Content */ = {
			isa = PBXGroup;
			children = (
				81F251A629291CFD00B90C0E /* Preview Assets.xcassets */,
			);
			path = "Preview Content";
			sourceTree = "<group>";
		};
		81F251AF29291CFD00B90C0E /* NaptimeTests */ = {
			isa = PBXGroup;
			children = (
				81F251B029291CFD00B90C0E /* NaptimeTests.swift */,
			);
			path = NaptimeTests;
			sourceTree = "<group>";
		};
		81F251B929291CFD00B90C0E /* NaptimeUITests */ = {
			isa = PBXGroup;
			children = (
				81F251BA29291CFD00B90C0E /* NaptimeUITests.swift */,
				81F251BC29291CFD00B90C0E /* NaptimeUITestsLaunchTests.swift */,
			);
			path = NaptimeUITests;
			sourceTree = "<group>";
		};
/* End PBXGroup section */

/* Begin PBXNativeTarget section */
		81F2519529291CFC00B90C0E /* Naptime */ = {
			isa = PBXNativeTarget;
			buildConfigurationList = 81F251C029291CFD00B90C0E /* Build configuration list for PBXNativeTarget "Naptime" */;
			buildPhases = (
				81F2519229291CFC00B90C0E /* Sources */,
				81F2519329291CFC00B90C0E /* Frameworks */,
				81F2519429291CFC00B90C0E /* Resources */,
			);
			buildRules = (
			);
			dependencies = (
			);
			name = Naptime;
			packageProductDependencies = (
				81F251CA29291E1800B90C0E /* ComposableArchitecture */,
				81F251CC29291E1800B90C0E /* Dependencies */,
				81FDB60B296D3A6E00B0231A /* NapTimeData */,
			);
			productName = Naptime;
			productReference = 81F2519629291CFC00B90C0E /* Naptime.app */;
			productType = "com.apple.product-type.application";
		};
		81F251AB29291CFD00B90C0E /* NaptimeTests */ = {
			isa = PBXNativeTarget;
			buildConfigurationList = 81F251C329291CFD00B90C0E /* Build configuration list for PBXNativeTarget "NaptimeTests" */;
			buildPhases = (
				81F251A829291CFD00B90C0E /* Sources */,
				81F251A929291CFD00B90C0E /* Frameworks */,
				81F251AA29291CFD00B90C0E /* Resources */,
			);
			buildRules = (
			);
			dependencies = (
				81F251AE29291CFD00B90C0E /* PBXTargetDependency */,
			);
			name = NaptimeTests;
			productName = NaptimeTests;
			productReference = 81F251AC29291CFD00B90C0E /* NaptimeTests.xctest */;
			productType = "com.apple.product-type.bundle.unit-test";
		};
		81F251B529291CFD00B90C0E /* NaptimeUITests */ = {
			isa = PBXNativeTarget;
			buildConfigurationList = 81F251C629291CFD00B90C0E /* Build configuration list for PBXNativeTarget "NaptimeUITests" */;
			buildPhases = (
				81F251B229291CFD00B90C0E /* Sources */,
				81F251B329291CFD00B90C0E /* Frameworks */,
				81F251B429291CFD00B90C0E /* Resources */,
			);
			buildRules = (
			);
			dependencies = (
				81F251B829291CFD00B90C0E /* PBXTargetDependency */,
			);
			name = NaptimeUITests;
			productName = NaptimeUITests;
			productReference = 81F251B629291CFD00B90C0E /* NaptimeUITests.xctest */;
			productType = "com.apple.product-type.bundle.ui-testing";
		};
/* End PBXNativeTarget section */

/* Begin PBXProject section */
		81F2518E29291CFC00B90C0E /* Project object */ = {
			isa = PBXProject;
			attributes = {
				BuildIndependentTargetsInParallel = 1;
				LastSwiftUpdateCheck = 1410;
				LastUpgradeCheck = 1410;
				TargetAttributes = {
					81F2519529291CFC00B90C0E = {
						CreatedOnToolsVersion = 14.1;
					};
					81F251AB29291CFD00B90C0E = {
						CreatedOnToolsVersion = 14.1;
						TestTargetID = 81F2519529291CFC00B90C0E;
					};
					81F251B529291CFD00B90C0E = {
						CreatedOnToolsVersion = 14.1;
						TestTargetID = 81F2519529291CFC00B90C0E;
					};
				};
			};
			buildConfigurationList = 81F2519129291CFC00B90C0E /* Build configuration list for PBXProject "Naptime" */;
			compatibilityVersion = "Xcode 14.0";
			developmentRegion = en;
			hasScannedForEncodings = 0;
			knownRegions = (
				en,
				Base,
			);
			mainGroup = 81F2518D29291CFC00B90C0E;
			packageReferences = (
				81F251C929291E1800B90C0E /* XCRemoteSwiftPackageReference "swift-composable-architecture" */,
			);
			productRefGroup = 81F2519729291CFC00B90C0E /* Products */;
			projectDirPath = "";
			projectRoot = "";
			targets = (
				81F2519529291CFC00B90C0E /* Naptime */,
				81F251AB29291CFD00B90C0E /* NaptimeTests */,
				81F251B529291CFD00B90C0E /* NaptimeUITests */,
			);
		};
/* End PBXProject section */

/* Begin PBXResourcesBuildPhase section */
		81F2519429291CFC00B90C0E /* Resources */ = {
			isa = PBXResourcesBuildPhase;
			buildActionMask = 2147483647;
			files = (
				81F251A729291CFD00B90C0E /* Preview Assets.xcassets in Resources */,
				81F251A329291CFD00B90C0E /* Assets.xcassets in Resources */,
			);
			runOnlyForDeploymentPostprocessing = 0;
		};
		81F251AA29291CFD00B90C0E /* Resources */ = {
			isa = PBXResourcesBuildPhase;
			buildActionMask = 2147483647;
			files = (
			);
			runOnlyForDeploymentPostprocessing = 0;
		};
		81F251B429291CFD00B90C0E /* Resources */ = {
			isa = PBXResourcesBuildPhase;
			buildActionMask = 2147483647;
			files = (
			);
			runOnlyForDeploymentPostprocessing = 0;
		};
/* End PBXResourcesBuildPhase section */

/* Begin PBXSourcesBuildPhase section */
		81F2519229291CFC00B90C0E /* Sources */ = {
			isa = PBXSourcesBuildPhase;
			buildActionMask = 2147483647;
			files = (
				81B2212029717CDE005C4A15 /* ActivityDetailView.swift in Sources */,
				8159C4402941CB4B00716330 /* ActivityRowView.swift in Sources */,
				811089E229857C36001D4E58 /* ActivityButtonsView.swift in Sources */,
				81F2519A29291CFC00B90C0E /* NaptimeApp.swift in Sources */,
				8159C43E2940D55600716330 /* ActivitySectionHeaderView.swift in Sources */,
				8159C4432941D05400716330 /* TimerView.swift in Sources */,
				814D3F91293CDD2E00553B46 /* ActivityView.swift in Sources */,
				815550AA293F99CD000A2952 /* Async+Future.swift in Sources */,
				81CD4F15293C8918007CE048 /* ActivityFeature.swift in Sources */,
				81CD4EFD2937E0AD007CE048 /* RootFeature.swift in Sources */,
				81B2212629718019005C4A15 /* ActivityDetail.swift in Sources */,
				811089E629857E7B001D4E58 /* RoundedButton.swift in Sources */,
				81B2212329717D1C005C4A15 /* LabelledFormView.swift in Sources */,
				81B2212429717D1C005C4A15 /* FormTextField.swift in Sources */,
				81CD4EF92937E060007CE048 /* RootView.swift in Sources */,
				81CD4F00293917AE007CE048 /* SystemEnvironment.swift in Sources */,
			);
			runOnlyForDeploymentPostprocessing = 0;
		};
		81F251A829291CFD00B90C0E /* Sources */ = {
			isa = PBXSourcesBuildPhase;
			buildActionMask = 2147483647;
			files = (
				81F251B129291CFD00B90C0E /* NaptimeTests.swift in Sources */,
			);
			runOnlyForDeploymentPostprocessing = 0;
		};
		81F251B229291CFD00B90C0E /* Sources */ = {
			isa = PBXSourcesBuildPhase;
			buildActionMask = 2147483647;
			files = (
				81F251BB29291CFD00B90C0E /* NaptimeUITests.swift in Sources */,
				81F251BD29291CFD00B90C0E /* NaptimeUITestsLaunchTests.swift in Sources */,
			);
			runOnlyForDeploymentPostprocessing = 0;
		};
/* End PBXSourcesBuildPhase section */

/* Begin PBXTargetDependency section */
		81F251AE29291CFD00B90C0E /* PBXTargetDependency */ = {
			isa = PBXTargetDependency;
			target = 81F2519529291CFC00B90C0E /* Naptime */;
			targetProxy = 81F251AD29291CFD00B90C0E /* PBXContainerItemProxy */;
		};
		81F251B829291CFD00B90C0E /* PBXTargetDependency */ = {
			isa = PBXTargetDependency;
			target = 81F2519529291CFC00B90C0E /* Naptime */;
			targetProxy = 81F251B729291CFD00B90C0E /* PBXContainerItemProxy */;
		};
/* End PBXTargetDependency section */

/* Begin XCBuildConfiguration section */
		81F251BE29291CFD00B90C0E /* Debug */ = {
			isa = XCBuildConfiguration;
			buildSettings = {
				ALWAYS_SEARCH_USER_PATHS = NO;
				CLANG_ANALYZER_NONNULL = YES;
				CLANG_ANALYZER_NUMBER_OBJECT_CONVERSION = YES_AGGRESSIVE;
				CLANG_CXX_LANGUAGE_STANDARD = "gnu++20";
				CLANG_ENABLE_MODULES = YES;
				CLANG_ENABLE_OBJC_ARC = YES;
				CLANG_ENABLE_OBJC_WEAK = YES;
				CLANG_WARN_BLOCK_CAPTURE_AUTORELEASING = YES;
				CLANG_WARN_BOOL_CONVERSION = YES;
				CLANG_WARN_COMMA = YES;
				CLANG_WARN_CONSTANT_CONVERSION = YES;
				CLANG_WARN_DEPRECATED_OBJC_IMPLEMENTATIONS = YES;
				CLANG_WARN_DIRECT_OBJC_ISA_USAGE = YES_ERROR;
				CLANG_WARN_DOCUMENTATION_COMMENTS = YES;
				CLANG_WARN_EMPTY_BODY = YES;
				CLANG_WARN_ENUM_CONVERSION = YES;
				CLANG_WARN_INFINITE_RECURSION = YES;
				CLANG_WARN_INT_CONVERSION = YES;
				CLANG_WARN_NON_LITERAL_NULL_CONVERSION = YES;
				CLANG_WARN_OBJC_IMPLICIT_RETAIN_SELF = YES;
				CLANG_WARN_OBJC_LITERAL_CONVERSION = YES;
				CLANG_WARN_OBJC_ROOT_CLASS = YES_ERROR;
				CLANG_WARN_QUOTED_INCLUDE_IN_FRAMEWORK_HEADER = YES;
				CLANG_WARN_RANGE_LOOP_ANALYSIS = YES;
				CLANG_WARN_STRICT_PROTOTYPES = YES;
				CLANG_WARN_SUSPICIOUS_MOVE = YES;
				CLANG_WARN_UNGUARDED_AVAILABILITY = YES_AGGRESSIVE;
				CLANG_WARN_UNREACHABLE_CODE = YES;
				CLANG_WARN__DUPLICATE_METHOD_MATCH = YES;
				COPY_PHASE_STRIP = NO;
				DEBUG_INFORMATION_FORMAT = dwarf;
				ENABLE_STRICT_OBJC_MSGSEND = YES;
				ENABLE_TESTABILITY = YES;
				GCC_C_LANGUAGE_STANDARD = gnu11;
				GCC_DYNAMIC_NO_PIC = NO;
				GCC_NO_COMMON_BLOCKS = YES;
				GCC_OPTIMIZATION_LEVEL = 0;
				GCC_PREPROCESSOR_DEFINITIONS = (
					"DEBUG=1",
					"$(inherited)",
				);
				GCC_WARN_64_TO_32_BIT_CONVERSION = YES;
				GCC_WARN_ABOUT_RETURN_TYPE = YES_ERROR;
				GCC_WARN_UNDECLARED_SELECTOR = YES;
				GCC_WARN_UNINITIALIZED_AUTOS = YES_AGGRESSIVE;
				GCC_WARN_UNUSED_FUNCTION = YES;
				GCC_WARN_UNUSED_VARIABLE = YES;
				MTL_ENABLE_DEBUG_INFO = INCLUDE_SOURCE;
				MTL_FAST_MATH = YES;
				ONLY_ACTIVE_ARCH = YES;
				SWIFT_ACTIVE_COMPILATION_CONDITIONS = DEBUG;
				SWIFT_OPTIMIZATION_LEVEL = "-Onone";
			};
			name = Debug;
		};
		81F251BF29291CFD00B90C0E /* Release */ = {
			isa = XCBuildConfiguration;
			buildSettings = {
				ALWAYS_SEARCH_USER_PATHS = NO;
				CLANG_ANALYZER_NONNULL = YES;
				CLANG_ANALYZER_NUMBER_OBJECT_CONVERSION = YES_AGGRESSIVE;
				CLANG_CXX_LANGUAGE_STANDARD = "gnu++20";
				CLANG_ENABLE_MODULES = YES;
				CLANG_ENABLE_OBJC_ARC = YES;
				CLANG_ENABLE_OBJC_WEAK = YES;
				CLANG_WARN_BLOCK_CAPTURE_AUTORELEASING = YES;
				CLANG_WARN_BOOL_CONVERSION = YES;
				CLANG_WARN_COMMA = YES;
				CLANG_WARN_CONSTANT_CONVERSION = YES;
				CLANG_WARN_DEPRECATED_OBJC_IMPLEMENTATIONS = YES;
				CLANG_WARN_DIRECT_OBJC_ISA_USAGE = YES_ERROR;
				CLANG_WARN_DOCUMENTATION_COMMENTS = YES;
				CLANG_WARN_EMPTY_BODY = YES;
				CLANG_WARN_ENUM_CONVERSION = YES;
				CLANG_WARN_INFINITE_RECURSION = YES;
				CLANG_WARN_INT_CONVERSION = YES;
				CLANG_WARN_NON_LITERAL_NULL_CONVERSION = YES;
				CLANG_WARN_OBJC_IMPLICIT_RETAIN_SELF = YES;
				CLANG_WARN_OBJC_LITERAL_CONVERSION = YES;
				CLANG_WARN_OBJC_ROOT_CLASS = YES_ERROR;
				CLANG_WARN_QUOTED_INCLUDE_IN_FRAMEWORK_HEADER = YES;
				CLANG_WARN_RANGE_LOOP_ANALYSIS = YES;
				CLANG_WARN_STRICT_PROTOTYPES = YES;
				CLANG_WARN_SUSPICIOUS_MOVE = YES;
				CLANG_WARN_UNGUARDED_AVAILABILITY = YES_AGGRESSIVE;
				CLANG_WARN_UNREACHABLE_CODE = YES;
				CLANG_WARN__DUPLICATE_METHOD_MATCH = YES;
				COPY_PHASE_STRIP = NO;
				DEBUG_INFORMATION_FORMAT = "dwarf-with-dsym";
				ENABLE_NS_ASSERTIONS = NO;
				ENABLE_STRICT_OBJC_MSGSEND = YES;
				GCC_C_LANGUAGE_STANDARD = gnu11;
				GCC_NO_COMMON_BLOCKS = YES;
				GCC_WARN_64_TO_32_BIT_CONVERSION = YES;
				GCC_WARN_ABOUT_RETURN_TYPE = YES_ERROR;
				GCC_WARN_UNDECLARED_SELECTOR = YES;
				GCC_WARN_UNINITIALIZED_AUTOS = YES_AGGRESSIVE;
				GCC_WARN_UNUSED_FUNCTION = YES;
				GCC_WARN_UNUSED_VARIABLE = YES;
				MTL_ENABLE_DEBUG_INFO = NO;
				MTL_FAST_MATH = YES;
				SWIFT_COMPILATION_MODE = wholemodule;
				SWIFT_OPTIMIZATION_LEVEL = "-O";
			};
			name = Release;
		};
		81F251C129291CFD00B90C0E /* Debug */ = {
			isa = XCBuildConfiguration;
			buildSettings = {
				ASSETCATALOG_COMPILER_APPICON_NAME = AppIcon;
				ASSETCATALOG_COMPILER_GLOBAL_ACCENT_COLOR_NAME = AccentColor;
				CODE_SIGN_ENTITLEMENTS = Naptime/Naptime.entitlements;
				CODE_SIGN_STYLE = Automatic;
				CURRENT_PROJECT_VERSION = 1;
				DEVELOPMENT_ASSET_PATHS = "\"Naptime/Preview Content\"";
				DEVELOPMENT_TEAM = 6Y9C574C9M;
				ENABLE_HARDENED_RUNTIME = YES;
				ENABLE_PREVIEWS = YES;
				GENERATE_INFOPLIST_FILE = YES;
				"INFOPLIST_KEY_UIApplicationSceneManifest_Generation[sdk=iphoneos*]" = YES;
				"INFOPLIST_KEY_UIApplicationSceneManifest_Generation[sdk=iphonesimulator*]" = YES;
				"INFOPLIST_KEY_UIApplicationSupportsIndirectInputEvents[sdk=iphoneos*]" = YES;
				"INFOPLIST_KEY_UIApplicationSupportsIndirectInputEvents[sdk=iphonesimulator*]" = YES;
				"INFOPLIST_KEY_UILaunchScreen_Generation[sdk=iphoneos*]" = YES;
				"INFOPLIST_KEY_UILaunchScreen_Generation[sdk=iphonesimulator*]" = YES;
				"INFOPLIST_KEY_UIStatusBarStyle[sdk=iphoneos*]" = UIStatusBarStyleDefault;
				"INFOPLIST_KEY_UIStatusBarStyle[sdk=iphonesimulator*]" = UIStatusBarStyleDefault;
				INFOPLIST_KEY_UISupportedInterfaceOrientations_iPad = "UIInterfaceOrientationPortrait UIInterfaceOrientationPortraitUpsideDown UIInterfaceOrientationLandscapeLeft UIInterfaceOrientationLandscapeRight";
				INFOPLIST_KEY_UISupportedInterfaceOrientations_iPhone = "UIInterfaceOrientationPortrait UIInterfaceOrientationLandscapeLeft UIInterfaceOrientationLandscapeRight";
				IPHONEOS_DEPLOYMENT_TARGET = 16.1;
				LD_RUNPATH_SEARCH_PATHS = "@executable_path/Frameworks";
				"LD_RUNPATH_SEARCH_PATHS[sdk=macosx*]" = "@executable_path/../Frameworks";
				MACOSX_DEPLOYMENT_TARGET = 13.0;
				MARKETING_VERSION = 1.0;
				PRODUCT_BUNDLE_IDENTIFIER = com.hotky.Naptime;
				PRODUCT_NAME = "$(TARGET_NAME)";
				SDKROOT = auto;
				SUPPORTED_PLATFORMS = "iphoneos iphonesimulator macosx";
				SWIFT_EMIT_LOC_STRINGS = YES;
				SWIFT_VERSION = 5.0;
				TARGETED_DEVICE_FAMILY = "1,2";
			};
			name = Debug;
		};
		81F251C229291CFD00B90C0E /* Release */ = {
			isa = XCBuildConfiguration;
			buildSettings = {
				ASSETCATALOG_COMPILER_APPICON_NAME = AppIcon;
				ASSETCATALOG_COMPILER_GLOBAL_ACCENT_COLOR_NAME = AccentColor;
				CODE_SIGN_ENTITLEMENTS = Naptime/Naptime.entitlements;
				CODE_SIGN_STYLE = Automatic;
				CURRENT_PROJECT_VERSION = 1;
				DEVELOPMENT_ASSET_PATHS = "\"Naptime/Preview Content\"";
				DEVELOPMENT_TEAM = 6Y9C574C9M;
				ENABLE_HARDENED_RUNTIME = YES;
				ENABLE_PREVIEWS = YES;
				GENERATE_INFOPLIST_FILE = YES;
				"INFOPLIST_KEY_UIApplicationSceneManifest_Generation[sdk=iphoneos*]" = YES;
				"INFOPLIST_KEY_UIApplicationSceneManifest_Generation[sdk=iphonesimulator*]" = YES;
				"INFOPLIST_KEY_UIApplicationSupportsIndirectInputEvents[sdk=iphoneos*]" = YES;
				"INFOPLIST_KEY_UIApplicationSupportsIndirectInputEvents[sdk=iphonesimulator*]" = YES;
				"INFOPLIST_KEY_UILaunchScreen_Generation[sdk=iphoneos*]" = YES;
				"INFOPLIST_KEY_UILaunchScreen_Generation[sdk=iphonesimulator*]" = YES;
				"INFOPLIST_KEY_UIStatusBarStyle[sdk=iphoneos*]" = UIStatusBarStyleDefault;
				"INFOPLIST_KEY_UIStatusBarStyle[sdk=iphonesimulator*]" = UIStatusBarStyleDefault;
				INFOPLIST_KEY_UISupportedInterfaceOrientations_iPad = "UIInterfaceOrientationPortrait UIInterfaceOrientationPortraitUpsideDown UIInterfaceOrientationLandscapeLeft UIInterfaceOrientationLandscapeRight";
				INFOPLIST_KEY_UISupportedInterfaceOrientations_iPhone = "UIInterfaceOrientationPortrait UIInterfaceOrientationLandscapeLeft UIInterfaceOrientationLandscapeRight";
				IPHONEOS_DEPLOYMENT_TARGET = 16.1;
				LD_RUNPATH_SEARCH_PATHS = "@executable_path/Frameworks";
				"LD_RUNPATH_SEARCH_PATHS[sdk=macosx*]" = "@executable_path/../Frameworks";
				MACOSX_DEPLOYMENT_TARGET = 13.0;
				MARKETING_VERSION = 1.0;
				PRODUCT_BUNDLE_IDENTIFIER = com.hotky.Naptime;
				PRODUCT_NAME = "$(TARGET_NAME)";
				SDKROOT = auto;
				SUPPORTED_PLATFORMS = "iphoneos iphonesimulator macosx";
				SWIFT_EMIT_LOC_STRINGS = YES;
				SWIFT_VERSION = 5.0;
				TARGETED_DEVICE_FAMILY = "1,2";
			};
			name = Release;
		};
		81F251C429291CFD00B90C0E /* Debug */ = {
			isa = XCBuildConfiguration;
			buildSettings = {
				ALWAYS_EMBED_SWIFT_STANDARD_LIBRARIES = YES;
				BUNDLE_LOADER = "$(TEST_HOST)";
				CODE_SIGN_STYLE = Automatic;
				CURRENT_PROJECT_VERSION = 1;
				DEVELOPMENT_TEAM = 6Y9C574C9M;
				GENERATE_INFOPLIST_FILE = YES;
				IPHONEOS_DEPLOYMENT_TARGET = 16.1;
				MACOSX_DEPLOYMENT_TARGET = 13.0;
				MARKETING_VERSION = 1.0;
				PRODUCT_BUNDLE_IDENTIFIER = com.hotky.NaptimeTests;
				PRODUCT_NAME = "$(TARGET_NAME)";
				SDKROOT = auto;
				SUPPORTED_PLATFORMS = "iphoneos iphonesimulator macosx";
				SWIFT_EMIT_LOC_STRINGS = NO;
				SWIFT_VERSION = 5.0;
				TARGETED_DEVICE_FAMILY = "1,2";
				TEST_HOST = "$(BUILT_PRODUCTS_DIR)/Naptime.app/$(BUNDLE_EXECUTABLE_FOLDER_PATH)/Naptime";
			};
			name = Debug;
		};
		81F251C529291CFD00B90C0E /* Release */ = {
			isa = XCBuildConfiguration;
			buildSettings = {
				ALWAYS_EMBED_SWIFT_STANDARD_LIBRARIES = YES;
				BUNDLE_LOADER = "$(TEST_HOST)";
				CODE_SIGN_STYLE = Automatic;
				CURRENT_PROJECT_VERSION = 1;
				DEVELOPMENT_TEAM = 6Y9C574C9M;
				GENERATE_INFOPLIST_FILE = YES;
				IPHONEOS_DEPLOYMENT_TARGET = 16.1;
				MACOSX_DEPLOYMENT_TARGET = 13.0;
				MARKETING_VERSION = 1.0;
				PRODUCT_BUNDLE_IDENTIFIER = com.hotky.NaptimeTests;
				PRODUCT_NAME = "$(TARGET_NAME)";
				SDKROOT = auto;
				SUPPORTED_PLATFORMS = "iphoneos iphonesimulator macosx";
				SWIFT_EMIT_LOC_STRINGS = NO;
				SWIFT_VERSION = 5.0;
				TARGETED_DEVICE_FAMILY = "1,2";
				TEST_HOST = "$(BUILT_PRODUCTS_DIR)/Naptime.app/$(BUNDLE_EXECUTABLE_FOLDER_PATH)/Naptime";
			};
			name = Release;
		};
		81F251C729291CFD00B90C0E /* Debug */ = {
			isa = XCBuildConfiguration;
			buildSettings = {
				ALWAYS_EMBED_SWIFT_STANDARD_LIBRARIES = YES;
				CODE_SIGN_STYLE = Automatic;
				CURRENT_PROJECT_VERSION = 1;
				DEVELOPMENT_TEAM = 6Y9C574C9M;
				GENERATE_INFOPLIST_FILE = YES;
				IPHONEOS_DEPLOYMENT_TARGET = 16.1;
				MACOSX_DEPLOYMENT_TARGET = 13.0;
				MARKETING_VERSION = 1.0;
				PRODUCT_BUNDLE_IDENTIFIER = com.hotky.NaptimeUITests;
				PRODUCT_NAME = "$(TARGET_NAME)";
				SDKROOT = auto;
				SUPPORTED_PLATFORMS = "iphoneos iphonesimulator macosx";
				SWIFT_EMIT_LOC_STRINGS = NO;
				SWIFT_VERSION = 5.0;
				TARGETED_DEVICE_FAMILY = "1,2";
				TEST_TARGET_NAME = Naptime;
			};
			name = Debug;
		};
		81F251C829291CFD00B90C0E /* Release */ = {
			isa = XCBuildConfiguration;
			buildSettings = {
				ALWAYS_EMBED_SWIFT_STANDARD_LIBRARIES = YES;
				CODE_SIGN_STYLE = Automatic;
				CURRENT_PROJECT_VERSION = 1;
				DEVELOPMENT_TEAM = 6Y9C574C9M;
				GENERATE_INFOPLIST_FILE = YES;
				IPHONEOS_DEPLOYMENT_TARGET = 16.1;
				MACOSX_DEPLOYMENT_TARGET = 13.0;
				MARKETING_VERSION = 1.0;
				PRODUCT_BUNDLE_IDENTIFIER = com.hotky.NaptimeUITests;
				PRODUCT_NAME = "$(TARGET_NAME)";
				SDKROOT = auto;
				SUPPORTED_PLATFORMS = "iphoneos iphonesimulator macosx";
				SWIFT_EMIT_LOC_STRINGS = NO;
				SWIFT_VERSION = 5.0;
				TARGETED_DEVICE_FAMILY = "1,2";
				TEST_TARGET_NAME = Naptime;
			};
			name = Release;
		};
/* End XCBuildConfiguration section */

/* Begin XCConfigurationList section */
		81F2519129291CFC00B90C0E /* Build configuration list for PBXProject "Naptime" */ = {
			isa = XCConfigurationList;
			buildConfigurations = (
				81F251BE29291CFD00B90C0E /* Debug */,
				81F251BF29291CFD00B90C0E /* Release */,
			);
			defaultConfigurationIsVisible = 0;
			defaultConfigurationName = Release;
		};
		81F251C029291CFD00B90C0E /* Build configuration list for PBXNativeTarget "Naptime" */ = {
			isa = XCConfigurationList;
			buildConfigurations = (
				81F251C129291CFD00B90C0E /* Debug */,
				81F251C229291CFD00B90C0E /* Release */,
			);
			defaultConfigurationIsVisible = 0;
			defaultConfigurationName = Release;
		};
		81F251C329291CFD00B90C0E /* Build configuration list for PBXNativeTarget "NaptimeTests" */ = {
			isa = XCConfigurationList;
			buildConfigurations = (
				81F251C429291CFD00B90C0E /* Debug */,
				81F251C529291CFD00B90C0E /* Release */,
			);
			defaultConfigurationIsVisible = 0;
			defaultConfigurationName = Release;
		};
		81F251C629291CFD00B90C0E /* Build configuration list for PBXNativeTarget "NaptimeUITests" */ = {
			isa = XCConfigurationList;
			buildConfigurations = (
				81F251C729291CFD00B90C0E /* Debug */,
				81F251C829291CFD00B90C0E /* Release */,
			);
			defaultConfigurationIsVisible = 0;
			defaultConfigurationName = Release;
		};
/* End XCConfigurationList section */

/* Begin XCRemoteSwiftPackageReference section */
		81F251C929291E1800B90C0E /* XCRemoteSwiftPackageReference "swift-composable-architecture" */ = {
			isa = XCRemoteSwiftPackageReference;
			repositoryURL = "https://github.com/pointfreeco/swift-composable-architecture";
			requirement = {
				kind = upToNextMajorVersion;
				minimumVersion = 0.9.0;
			};
		};
/* End XCRemoteSwiftPackageReference section */

/* Begin XCSwiftPackageProductDependency section */
		81F251CA29291E1800B90C0E /* ComposableArchitecture */ = {
			isa = XCSwiftPackageProductDependency;
			package = 81F251C929291E1800B90C0E /* XCRemoteSwiftPackageReference "swift-composable-architecture" */;
			productName = ComposableArchitecture;
		};
		81F251CC29291E1800B90C0E /* Dependencies */ = {
			isa = XCSwiftPackageProductDependency;
			package = 81F251C929291E1800B90C0E /* XCRemoteSwiftPackageReference "swift-composable-architecture" */;
			productName = Dependencies;
		};
		81FDB60B296D3A6E00B0231A /* NapTimeData */ = {
			isa = XCSwiftPackageProductDependency;
			productName = NapTimeData;
		};
/* End XCSwiftPackageProductDependency section */
	};
	rootObject = 81F2518E29291CFC00B90C0E /* Project object */;
}
