// !$*UTF8*$!
{
	archiveVersion = 1;
	classes = {
	};
	objectVersion = 56;
	objects = {

/* Begin PBXBuildFile section */
		811089E229857C36001D4E58 /* ActivityButtonsView.swift in Sources */ = {isa = PBXBuildFile; fileRef = 811089E129857C36001D4E58 /* ActivityButtonsView.swift */; };
		811089E629857E7B001D4E58 /* RoundedButton.swift in Sources */ = {isa = PBXBuildFile; fileRef = 811089E529857E7B001D4E58 /* RoundedButton.swift */; };
		811089E829858267001D4E58 /* ActivityListView.swift in Sources */ = {isa = PBXBuildFile; fileRef = 811089E729858267001D4E58 /* ActivityListView.swift */; };
		811089EA298583D8001D4E58 /* Array+safeIndex.swift in Sources */ = {isa = PBXBuildFile; fileRef = 811089E9298583D8001D4E58 /* Array+safeIndex.swift */; };
		8119D33B29C1C5E500CCA5F7 /* SnapshotHelper.swift in Sources */ = {isa = PBXBuildFile; fileRef = 8119D33A29C1C5E500CCA5F7 /* SnapshotHelper.swift */; };
		8119D33E29C3100300CCA5F7 /* CloudSharingController.swift in Sources */ = {isa = PBXBuildFile; fileRef = 8119D33D29C3100300CCA5F7 /* CloudSharingController.swift */; };
		8119D34229C320E100CCA5F7 /* CloudKitShareView.swift in Sources */ = {isa = PBXBuildFile; fileRef = 8119D34129C320E100CCA5F7 /* CloudKitShareView.swift */; };
		812A320D2A16505D007303EB /* Assets.xcassets in Resources */ = {isa = PBXBuildFile; fileRef = 81F251A229291CFD00B90C0E /* Assets.xcassets */; };
		812A320E2A165582007303EB /* NaptimeWidgetLiveContentView.swift in Sources */ = {isa = PBXBuildFile; fileRef = 812A320B2A164FE4007303EB /* NaptimeWidgetLiveContentView.swift */; };
		812A320F2A16558C007303EB /* NaptimeWidgetLiveContentView.swift in Sources */ = {isa = PBXBuildFile; fileRef = 812A320B2A164FE4007303EB /* NaptimeWidgetLiveContentView.swift */; };
		814D3F91293CDD2E00553B46 /* ActivityView.swift in Sources */ = {isa = PBXBuildFile; fileRef = 814D3F90293CDD2E00553B46 /* ActivityView.swift */; };
		815550AA293F99CD000A2952 /* Async+Future.swift in Sources */ = {isa = PBXBuildFile; fileRef = 815550A9293F99CD000A2952 /* Async+Future.swift */; };
		815871B0299682590015CB30 /* ActivityTilesView.swift in Sources */ = {isa = PBXBuildFile; fileRef = 815871AF299682590015CB30 /* ActivityTilesView.swift */; };
		815871B22996928B0015CB30 /* Date+Stuff.swift in Sources */ = {isa = PBXBuildFile; fileRef = 815871B12996928B0015CB30 /* Date+Stuff.swift */; };
		815871B42996E09A0015CB30 /* ActivityTileView.swift in Sources */ = {isa = PBXBuildFile; fileRef = 815871B32996E09A0015CB30 /* ActivityTileView.swift */; };
		8159C43E2940D55600716330 /* ActivitySectionHeaderView.swift in Sources */ = {isa = PBXBuildFile; fileRef = 8159C43D2940D55600716330 /* ActivitySectionHeaderView.swift */; };
		8159C4402941CB4B00716330 /* ActivityRowView.swift in Sources */ = {isa = PBXBuildFile; fileRef = 8159C43F2941CB4B00716330 /* ActivityRowView.swift */; };
		8159C4432941D05400716330 /* TimerView.swift in Sources */ = {isa = PBXBuildFile; fileRef = 8159C4422941D05400716330 /* TimerView.swift */; };
		8169623C29890D99006359F1 /* VisualEffect.swift in Sources */ = {isa = PBXBuildFile; fileRef = 8169623B29890D99006359F1 /* VisualEffect.swift */; };
		8169623E298A4C72006359F1 /* AwakeRow.swift in Sources */ = {isa = PBXBuildFile; fileRef = 8169623D298A4C72006359F1 /* AwakeRow.swift */; };
		81696240298A68E9006359F1 /* ActivityListAwakeRow.swift in Sources */ = {isa = PBXBuildFile; fileRef = 8169623F298A68E9006359F1 /* ActivityListAwakeRow.swift */; };
		8170283129D04AEA0053BDA6 /* SceneDelegate.swift in Sources */ = {isa = PBXBuildFile; fileRef = 8170283029D04AE60053BDA6 /* SceneDelegate.swift */; };
		8170283329D04B920053BDA6 /* AppDelegate.swift in Sources */ = {isa = PBXBuildFile; fileRef = 8170283229D04B900053BDA6 /* AppDelegate.swift */; };
		818507BF29943BF400CAC510 /* ActivityTilesFeature.swift in Sources */ = {isa = PBXBuildFile; fileRef = 818507BE29943BF400CAC510 /* ActivityTilesFeature.swift */; };
		818507C129943C7100CAC510 /* ActivityTile.swift in Sources */ = {isa = PBXBuildFile; fileRef = 818507C029943C7100CAC510 /* ActivityTile.swift */; };
		81B2212029717CDE005C4A15 /* ActivityDetailView.swift in Sources */ = {isa = PBXBuildFile; fileRef = 81B2211F29717CDE005C4A15 /* ActivityDetailView.swift */; };
		81B2212329717D1C005C4A15 /* LabelledFormView.swift in Sources */ = {isa = PBXBuildFile; fileRef = 81B2212129717D1C005C4A15 /* LabelledFormView.swift */; };
		81B2212429717D1C005C4A15 /* FormTextField.swift in Sources */ = {isa = PBXBuildFile; fileRef = 81B2212229717D1C005C4A15 /* FormTextField.swift */; };
		81B2212629718019005C4A15 /* ActivityDetail.swift in Sources */ = {isa = PBXBuildFile; fileRef = 81B2212529718019005C4A15 /* ActivityDetail.swift */; };
		81B72108299916F1006A04C1 /* ReverseMask.swift in Sources */ = {isa = PBXBuildFile; fileRef = 81B72107299916F1006A04C1 /* ReverseMask.swift */; };
		81B7211729991F09006A04C1 /* ScalingHeaderScrollView in Frameworks */ = {isa = PBXBuildFile; productRef = 81B7211629991F09006A04C1 /* ScalingHeaderScrollView */; };
		81B72119299925E6006A04C1 /* Array+mapInPlace.swift in Sources */ = {isa = PBXBuildFile; fileRef = 81B72118299925E6006A04C1 /* Array+mapInPlace.swift */; };
		81B7211B2999440E006A04C1 /* Array+average.swift in Sources */ = {isa = PBXBuildFile; fileRef = 81B7211A2999440E006A04C1 /* Array+average.swift */; };
		81CD4EF92937E060007CE048 /* RootView.swift in Sources */ = {isa = PBXBuildFile; fileRef = 81CD4EF82937E060007CE048 /* RootView.swift */; };
		81CD4EFD2937E0AD007CE048 /* RootFeature.swift in Sources */ = {isa = PBXBuildFile; fileRef = 81CD4EFC2937E0AD007CE048 /* RootFeature.swift */; };
		81CD4F00293917AE007CE048 /* SystemEnvironment.swift in Sources */ = {isa = PBXBuildFile; fileRef = 81CD4EFF293917AE007CE048 /* SystemEnvironment.swift */; };
		81CD4F15293C8918007CE048 /* ActivityFeature.swift in Sources */ = {isa = PBXBuildFile; fileRef = 81CD4F14293C8918007CE048 /* ActivityFeature.swift */; };
		81DA975729F2C73A00F45BEC /* LoadingBadgeView.swift in Sources */ = {isa = PBXBuildFile; fileRef = 81DA975629F2C73A00F45BEC /* LoadingBadgeView.swift */; };
		81DD88052A10B7A5005E5C6D /* SettingsFeature.swift in Sources */ = {isa = PBXBuildFile; fileRef = 81DD88042A10B7A5005E5C6D /* SettingsFeature.swift */; };
		81DD88072A10BDC1005E5C6D /* SettingsView.swift in Sources */ = {isa = PBXBuildFile; fileRef = 81DD88062A10BDC1005E5C6D /* SettingsView.swift */; };
		81DD88092A10F6FA005E5C6D /* ShareSheetFeature.swift in Sources */ = {isa = PBXBuildFile; fileRef = 81DD88082A10F6FA005E5C6D /* ShareSheetFeature.swift */; };
		81DD88102A1174CA005E5C6D /* WidgetKit.framework in Frameworks */ = {isa = PBXBuildFile; fileRef = 81DD880F2A1174C9005E5C6D /* WidgetKit.framework */; };
		81DD88122A1174CA005E5C6D /* SwiftUI.framework in Frameworks */ = {isa = PBXBuildFile; fileRef = 81DD88112A1174CA005E5C6D /* SwiftUI.framework */; };
		81DD88152A1174CA005E5C6D /* NaptimeWidgetBundle.swift in Sources */ = {isa = PBXBuildFile; fileRef = 81DD88142A1174CA005E5C6D /* NaptimeWidgetBundle.swift */; };
		81DD88172A1174CA005E5C6D /* NaptimeWidgetLiveActivity.swift in Sources */ = {isa = PBXBuildFile; fileRef = 81DD88162A1174CA005E5C6D /* NaptimeWidgetLiveActivity.swift */; };
		81DD88192A1174CA005E5C6D /* NaptimeWidget.swift in Sources */ = {isa = PBXBuildFile; fileRef = 81DD88182A1174CA005E5C6D /* NaptimeWidget.swift */; };
		81DD881C2A1174CC005E5C6D /* Assets.xcassets in Resources */ = {isa = PBXBuildFile; fileRef = 81DD881B2A1174CC005E5C6D /* Assets.xcassets */; };
		81DD881E2A1174CC005E5C6D /* NaptimeWidget.intentdefinition in Sources */ = {isa = PBXBuildFile; fileRef = 81DD881A2A1174CA005E5C6D /* NaptimeWidget.intentdefinition */; };
		81DD881F2A1174CC005E5C6D /* NaptimeWidget.intentdefinition in Sources */ = {isa = PBXBuildFile; fileRef = 81DD881A2A1174CA005E5C6D /* NaptimeWidget.intentdefinition */; };
		81DD88222A1174CC005E5C6D /* NaptimeWidgetExtension.appex in Embed Foundation Extensions */ = {isa = PBXBuildFile; fileRef = 81DD880E2A1174C9005E5C6D /* NaptimeWidgetExtension.appex */; settings = {ATTRIBUTES = (RemoveHeadersOnCopy, ); }; };
		81DD88272A117ABB005E5C6D /* NaptimeWidgetLiveActivity.swift in Sources */ = {isa = PBXBuildFile; fileRef = 81DD88162A1174CA005E5C6D /* NaptimeWidgetLiveActivity.swift */; };
		81EB50D62987BD6E007ABC32 /* ToggleView.swift in Sources */ = {isa = PBXBuildFile; fileRef = 81EB50D52987BD6E007ABC32 /* ToggleView.swift */; };
		81EB50D92987C38E007ABC32 /* ToggleContentView.swift in Sources */ = {isa = PBXBuildFile; fileRef = 81EB50D82987C38E007ABC32 /* ToggleContentView.swift */; };
		81EB50DB29883698007ABC32 /* ScaleNumbers.swift in Sources */ = {isa = PBXBuildFile; fileRef = 81EB50DA29883698007ABC32 /* ScaleNumbers.swift */; };
		81F22CB929DED0CB0056A536 /* AsyncAlgorithms in Frameworks */ = {isa = PBXBuildFile; productRef = 81F22CB829DED0CB0056A536 /* AsyncAlgorithms */; };
		81F2519A29291CFC00B90C0E /* NaptimeApp.swift in Sources */ = {isa = PBXBuildFile; fileRef = 81F2519929291CFC00B90C0E /* NaptimeApp.swift */; };
		81F251A329291CFD00B90C0E /* Assets.xcassets in Resources */ = {isa = PBXBuildFile; fileRef = 81F251A229291CFD00B90C0E /* Assets.xcassets */; };
		81F251A729291CFD00B90C0E /* Preview Assets.xcassets in Resources */ = {isa = PBXBuildFile; fileRef = 81F251A629291CFD00B90C0E /* Preview Assets.xcassets */; };
		81F251B129291CFD00B90C0E /* NaptimeTests.swift in Sources */ = {isa = PBXBuildFile; fileRef = 81F251B029291CFD00B90C0E /* NaptimeTests.swift */; };
		81F251BB29291CFD00B90C0E /* NaptimeUITests.swift in Sources */ = {isa = PBXBuildFile; fileRef = 81F251BA29291CFD00B90C0E /* NaptimeUITests.swift */; };
		81F251BD29291CFD00B90C0E /* NaptimeUITestsLaunchTests.swift in Sources */ = {isa = PBXBuildFile; fileRef = 81F251BC29291CFD00B90C0E /* NaptimeUITestsLaunchTests.swift */; };
		81F251CB29291E1800B90C0E /* ComposableArchitecture in Frameworks */ = {isa = PBXBuildFile; productRef = 81F251CA29291E1800B90C0E /* ComposableArchitecture */; };
		81F251CD29291E1800B90C0E /* Dependencies in Frameworks */ = {isa = PBXBuildFile; productRef = 81F251CC29291E1800B90C0E /* Dependencies */; };
		81F8C2D6299EA99A00E225FE /* TimerFeature.swift in Sources */ = {isa = PBXBuildFile; fileRef = 81F8C2D5299EA99A00E225FE /* TimerFeature.swift */; };
		81F8C2D8299EC72A00E225FE /* TimerFeatureView.swift in Sources */ = {isa = PBXBuildFile; fileRef = 81F8C2D7299EC72A00E225FE /* TimerFeatureView.swift */; };
		81FD2D652998F46E00D99D9A /* ActivityTilesFactory.swift in Sources */ = {isa = PBXBuildFile; fileRef = 81FD2D642998F46E00D99D9A /* ActivityTilesFactory.swift */; };
		81FDB60C296D3A6E00B0231A /* NapTimeData in Frameworks */ = {isa = PBXBuildFile; productRef = 81FDB60B296D3A6E00B0231A /* NapTimeData */; };
/* End PBXBuildFile section */

/* Begin PBXContainerItemProxy section */
		81DD88202A1174CC005E5C6D /* PBXContainerItemProxy */ = {
			isa = PBXContainerItemProxy;
			containerPortal = 81F2518E29291CFC00B90C0E /* Project object */;
			proxyType = 1;
			remoteGlobalIDString = 81DD880D2A1174C9005E5C6D;
			remoteInfo = NaptimeWidgetExtension;
		};
		81F251AD29291CFD00B90C0E /* PBXContainerItemProxy */ = {
			isa = PBXContainerItemProxy;
			containerPortal = 81F2518E29291CFC00B90C0E /* Project object */;
			proxyType = 1;
			remoteGlobalIDString = 81F2519529291CFC00B90C0E;
			remoteInfo = Naptime;
		};
		81F251B729291CFD00B90C0E /* PBXContainerItemProxy */ = {
			isa = PBXContainerItemProxy;
			containerPortal = 81F2518E29291CFC00B90C0E /* Project object */;
			proxyType = 1;
			remoteGlobalIDString = 81F2519529291CFC00B90C0E;
			remoteInfo = Naptime;
		};
/* End PBXContainerItemProxy section */

/* Begin PBXCopyFilesBuildPhase section */
		81DD88262A1174CC005E5C6D /* Embed Foundation Extensions */ = {
			isa = PBXCopyFilesBuildPhase;
			buildActionMask = 2147483647;
			dstPath = "";
			dstSubfolderSpec = 13;
			files = (
				81DD88222A1174CC005E5C6D /* NaptimeWidgetExtension.appex in Embed Foundation Extensions */,
			);
			name = "Embed Foundation Extensions";
			runOnlyForDeploymentPostprocessing = 0;
		};
/* End PBXCopyFilesBuildPhase section */

/* Begin PBXFileReference section */
		811089E129857C36001D4E58 /* ActivityButtonsView.swift */ = {isa = PBXFileReference; lastKnownFileType = sourcecode.swift; path = ActivityButtonsView.swift; sourceTree = "<group>"; };
		811089E529857E7B001D4E58 /* RoundedButton.swift */ = {isa = PBXFileReference; lastKnownFileType = sourcecode.swift; path = RoundedButton.swift; sourceTree = "<group>"; };
		811089E729858267001D4E58 /* ActivityListView.swift */ = {isa = PBXFileReference; lastKnownFileType = sourcecode.swift; path = ActivityListView.swift; sourceTree = "<group>"; };
		811089E9298583D8001D4E58 /* Array+safeIndex.swift */ = {isa = PBXFileReference; lastKnownFileType = sourcecode.swift; path = "Array+safeIndex.swift"; sourceTree = "<group>"; };
		8119D33A29C1C5E500CCA5F7 /* SnapshotHelper.swift */ = {isa = PBXFileReference; fileEncoding = 4; lastKnownFileType = sourcecode.swift; path = SnapshotHelper.swift; sourceTree = "<group>"; };
		8119D33D29C3100300CCA5F7 /* CloudSharingController.swift */ = {isa = PBXFileReference; fileEncoding = 4; lastKnownFileType = sourcecode.swift; path = CloudSharingController.swift; sourceTree = "<group>"; };
		8119D34129C320E100CCA5F7 /* CloudKitShareView.swift */ = {isa = PBXFileReference; lastKnownFileType = sourcecode.swift; path = CloudKitShareView.swift; sourceTree = "<group>"; };
		812A320B2A164FE4007303EB /* NaptimeWidgetLiveContentView.swift */ = {isa = PBXFileReference; lastKnownFileType = sourcecode.swift; path = NaptimeWidgetLiveContentView.swift; sourceTree = "<group>"; };
		814D3F90293CDD2E00553B46 /* ActivityView.swift */ = {isa = PBXFileReference; lastKnownFileType = sourcecode.swift; path = ActivityView.swift; sourceTree = "<group>"; };
		815550A9293F99CD000A2952 /* Async+Future.swift */ = {isa = PBXFileReference; lastKnownFileType = sourcecode.swift; path = "Async+Future.swift"; sourceTree = "<group>"; };
		815871AF299682590015CB30 /* ActivityTilesView.swift */ = {isa = PBXFileReference; lastKnownFileType = sourcecode.swift; path = ActivityTilesView.swift; sourceTree = "<group>"; };
		815871B12996928B0015CB30 /* Date+Stuff.swift */ = {isa = PBXFileReference; lastKnownFileType = sourcecode.swift; path = "Date+Stuff.swift"; sourceTree = "<group>"; };
		815871B32996E09A0015CB30 /* ActivityTileView.swift */ = {isa = PBXFileReference; lastKnownFileType = sourcecode.swift; path = ActivityTileView.swift; sourceTree = "<group>"; };
		8159C43D2940D55600716330 /* ActivitySectionHeaderView.swift */ = {isa = PBXFileReference; lastKnownFileType = sourcecode.swift; path = ActivitySectionHeaderView.swift; sourceTree = "<group>"; };
		8159C43F2941CB4B00716330 /* ActivityRowView.swift */ = {isa = PBXFileReference; lastKnownFileType = sourcecode.swift; path = ActivityRowView.swift; sourceTree = "<group>"; };
		8159C4422941D05400716330 /* TimerView.swift */ = {isa = PBXFileReference; lastKnownFileType = sourcecode.swift; path = TimerView.swift; sourceTree = "<group>"; };
		8169623B29890D99006359F1 /* VisualEffect.swift */ = {isa = PBXFileReference; lastKnownFileType = sourcecode.swift; path = VisualEffect.swift; sourceTree = "<group>"; };
		8169623D298A4C72006359F1 /* AwakeRow.swift */ = {isa = PBXFileReference; lastKnownFileType = sourcecode.swift; path = AwakeRow.swift; sourceTree = "<group>"; };
		8169623F298A68E9006359F1 /* ActivityListAwakeRow.swift */ = {isa = PBXFileReference; lastKnownFileType = sourcecode.swift; path = ActivityListAwakeRow.swift; sourceTree = "<group>"; };
		8170283029D04AE60053BDA6 /* SceneDelegate.swift */ = {isa = PBXFileReference; lastKnownFileType = sourcecode.swift; path = SceneDelegate.swift; sourceTree = "<group>"; };
		8170283229D04B900053BDA6 /* AppDelegate.swift */ = {isa = PBXFileReference; lastKnownFileType = sourcecode.swift; path = AppDelegate.swift; sourceTree = "<group>"; };
		8170283429D064670053BDA6 /* Info.plist */ = {isa = PBXFileReference; lastKnownFileType = text.plist; path = Info.plist; sourceTree = "<group>"; };
		81787EE6294655A60031BE99 /* NapTimeData */ = {isa = PBXFileReference; lastKnownFileType = wrapper; path = NapTimeData; sourceTree = "<group>"; };
		818507BE29943BF400CAC510 /* ActivityTilesFeature.swift */ = {isa = PBXFileReference; lastKnownFileType = sourcecode.swift; path = ActivityTilesFeature.swift; sourceTree = "<group>"; };
		818507C029943C7100CAC510 /* ActivityTile.swift */ = {isa = PBXFileReference; lastKnownFileType = sourcecode.swift; path = ActivityTile.swift; sourceTree = "<group>"; };
		81B2211F29717CDE005C4A15 /* ActivityDetailView.swift */ = {isa = PBXFileReference; lastKnownFileType = sourcecode.swift; path = ActivityDetailView.swift; sourceTree = "<group>"; };
		81B2212129717D1C005C4A15 /* LabelledFormView.swift */ = {isa = PBXFileReference; fileEncoding = 4; lastKnownFileType = sourcecode.swift; path = LabelledFormView.swift; sourceTree = "<group>"; };
		81B2212229717D1C005C4A15 /* FormTextField.swift */ = {isa = PBXFileReference; fileEncoding = 4; lastKnownFileType = sourcecode.swift; path = FormTextField.swift; sourceTree = "<group>"; };
		81B2212529718019005C4A15 /* ActivityDetail.swift */ = {isa = PBXFileReference; lastKnownFileType = sourcecode.swift; path = ActivityDetail.swift; sourceTree = "<group>"; };
		81B72107299916F1006A04C1 /* ReverseMask.swift */ = {isa = PBXFileReference; lastKnownFileType = sourcecode.swift; path = ReverseMask.swift; sourceTree = "<group>"; };
		81B72118299925E6006A04C1 /* Array+mapInPlace.swift */ = {isa = PBXFileReference; lastKnownFileType = sourcecode.swift; path = "Array+mapInPlace.swift"; sourceTree = "<group>"; };
		81B7211A2999440E006A04C1 /* Array+average.swift */ = {isa = PBXFileReference; lastKnownFileType = sourcecode.swift; path = "Array+average.swift"; sourceTree = "<group>"; };
		81CD4EF82937E060007CE048 /* RootView.swift */ = {isa = PBXFileReference; lastKnownFileType = sourcecode.swift; path = RootView.swift; sourceTree = "<group>"; };
		81CD4EFC2937E0AD007CE048 /* RootFeature.swift */ = {isa = PBXFileReference; lastKnownFileType = sourcecode.swift; path = RootFeature.swift; sourceTree = "<group>"; };
		81CD4EFF293917AE007CE048 /* SystemEnvironment.swift */ = {isa = PBXFileReference; lastKnownFileType = sourcecode.swift; path = SystemEnvironment.swift; sourceTree = "<group>"; };
		81CD4F14293C8918007CE048 /* ActivityFeature.swift */ = {isa = PBXFileReference; lastKnownFileType = sourcecode.swift; path = ActivityFeature.swift; sourceTree = "<group>"; };
		81DA975629F2C73A00F45BEC /* LoadingBadgeView.swift */ = {isa = PBXFileReference; lastKnownFileType = sourcecode.swift; path = LoadingBadgeView.swift; sourceTree = "<group>"; };
		81DD88042A10B7A5005E5C6D /* SettingsFeature.swift */ = {isa = PBXFileReference; lastKnownFileType = sourcecode.swift; path = SettingsFeature.swift; sourceTree = "<group>"; };
		81DD88062A10BDC1005E5C6D /* SettingsView.swift */ = {isa = PBXFileReference; lastKnownFileType = sourcecode.swift; path = SettingsView.swift; sourceTree = "<group>"; };
		81DD88082A10F6FA005E5C6D /* ShareSheetFeature.swift */ = {isa = PBXFileReference; lastKnownFileType = sourcecode.swift; path = ShareSheetFeature.swift; sourceTree = "<group>"; };
		81DD880E2A1174C9005E5C6D /* NaptimeWidgetExtension.appex */ = {isa = PBXFileReference; explicitFileType = "wrapper.app-extension"; includeInIndex = 0; path = NaptimeWidgetExtension.appex; sourceTree = BUILT_PRODUCTS_DIR; };
		81DD880F2A1174C9005E5C6D /* WidgetKit.framework */ = {isa = PBXFileReference; lastKnownFileType = wrapper.framework; name = WidgetKit.framework; path = System/Library/Frameworks/WidgetKit.framework; sourceTree = SDKROOT; };
		81DD88112A1174CA005E5C6D /* SwiftUI.framework */ = {isa = PBXFileReference; lastKnownFileType = wrapper.framework; name = SwiftUI.framework; path = System/Library/Frameworks/SwiftUI.framework; sourceTree = SDKROOT; };
		81DD88142A1174CA005E5C6D /* NaptimeWidgetBundle.swift */ = {isa = PBXFileReference; lastKnownFileType = sourcecode.swift; path = NaptimeWidgetBundle.swift; sourceTree = "<group>"; };
		81DD88162A1174CA005E5C6D /* NaptimeWidgetLiveActivity.swift */ = {isa = PBXFileReference; lastKnownFileType = sourcecode.swift; path = NaptimeWidgetLiveActivity.swift; sourceTree = "<group>"; };
		81DD88182A1174CA005E5C6D /* NaptimeWidget.swift */ = {isa = PBXFileReference; lastKnownFileType = sourcecode.swift; path = NaptimeWidget.swift; sourceTree = "<group>"; };
		81DD881A2A1174CA005E5C6D /* NaptimeWidget.intentdefinition */ = {isa = PBXFileReference; lastKnownFileType = file.intentdefinition; path = NaptimeWidget.intentdefinition; sourceTree = "<group>"; };
		81DD881B2A1174CC005E5C6D /* Assets.xcassets */ = {isa = PBXFileReference; lastKnownFileType = folder.assetcatalog; path = Assets.xcassets; sourceTree = "<group>"; };
		81DD881D2A1174CC005E5C6D /* Info.plist */ = {isa = PBXFileReference; lastKnownFileType = text.plist.xml; path = Info.plist; sourceTree = "<group>"; };
		81EB50D52987BD6E007ABC32 /* ToggleView.swift */ = {isa = PBXFileReference; lastKnownFileType = sourcecode.swift; path = ToggleView.swift; sourceTree = "<group>"; };
		81EB50D82987C38E007ABC32 /* ToggleContentView.swift */ = {isa = PBXFileReference; lastKnownFileType = sourcecode.swift; path = ToggleContentView.swift; sourceTree = "<group>"; };
		81EB50DA29883698007ABC32 /* ScaleNumbers.swift */ = {isa = PBXFileReference; lastKnownFileType = sourcecode.swift; path = ScaleNumbers.swift; sourceTree = "<group>"; };
		81F2519629291CFC00B90C0E /* Naptime.app */ = {isa = PBXFileReference; explicitFileType = wrapper.application; includeInIndex = 0; path = Naptime.app; sourceTree = BUILT_PRODUCTS_DIR; };
		81F2519929291CFC00B90C0E /* NaptimeApp.swift */ = {isa = PBXFileReference; lastKnownFileType = sourcecode.swift; path = NaptimeApp.swift; sourceTree = "<group>"; };
		81F251A229291CFD00B90C0E /* Assets.xcassets */ = {isa = PBXFileReference; lastKnownFileType = folder.assetcatalog; path = Assets.xcassets; sourceTree = "<group>"; };
		81F251A429291CFD00B90C0E /* Naptime.entitlements */ = {isa = PBXFileReference; lastKnownFileType = text.plist.entitlements; path = Naptime.entitlements; sourceTree = "<group>"; };
		81F251A629291CFD00B90C0E /* Preview Assets.xcassets */ = {isa = PBXFileReference; lastKnownFileType = folder.assetcatalog; path = "Preview Assets.xcassets"; sourceTree = "<group>"; };
		81F251AC29291CFD00B90C0E /* NaptimeTests.xctest */ = {isa = PBXFileReference; explicitFileType = wrapper.cfbundle; includeInIndex = 0; path = NaptimeTests.xctest; sourceTree = BUILT_PRODUCTS_DIR; };
		81F251B029291CFD00B90C0E /* NaptimeTests.swift */ = {isa = PBXFileReference; lastKnownFileType = sourcecode.swift; path = NaptimeTests.swift; sourceTree = "<group>"; };
		81F251B629291CFD00B90C0E /* NaptimeUITests.xctest */ = {isa = PBXFileReference; explicitFileType = wrapper.cfbundle; includeInIndex = 0; path = NaptimeUITests.xctest; sourceTree = BUILT_PRODUCTS_DIR; };
		81F251BA29291CFD00B90C0E /* NaptimeUITests.swift */ = {isa = PBXFileReference; lastKnownFileType = sourcecode.swift; path = NaptimeUITests.swift; sourceTree = "<group>"; };
		81F251BC29291CFD00B90C0E /* NaptimeUITestsLaunchTests.swift */ = {isa = PBXFileReference; lastKnownFileType = sourcecode.swift; path = NaptimeUITestsLaunchTests.swift; sourceTree = "<group>"; };
		81F8C2D5299EA99A00E225FE /* TimerFeature.swift */ = {isa = PBXFileReference; lastKnownFileType = sourcecode.swift; path = TimerFeature.swift; sourceTree = "<group>"; };
		81F8C2D7299EC72A00E225FE /* TimerFeatureView.swift */ = {isa = PBXFileReference; lastKnownFileType = sourcecode.swift; path = TimerFeatureView.swift; sourceTree = "<group>"; };
		81FD2D642998F46E00D99D9A /* ActivityTilesFactory.swift */ = {isa = PBXFileReference; lastKnownFileType = sourcecode.swift; path = ActivityTilesFactory.swift; sourceTree = "<group>"; };
/* End PBXFileReference section */

/* Begin PBXFrameworksBuildPhase section */
		81DD880B2A1174C9005E5C6D /* Frameworks */ = {
			isa = PBXFrameworksBuildPhase;
			buildActionMask = 2147483647;
			files = (
				81DD88122A1174CA005E5C6D /* SwiftUI.framework in Frameworks */,
				81DD88102A1174CA005E5C6D /* WidgetKit.framework in Frameworks */,
			);
			runOnlyForDeploymentPostprocessing = 0;
		};
		81F2519329291CFC00B90C0E /* Frameworks */ = {
			isa = PBXFrameworksBuildPhase;
			buildActionMask = 2147483647;
			files = (
				81F251CB29291E1800B90C0E /* ComposableArchitecture in Frameworks */,
				81FDB60C296D3A6E00B0231A /* NapTimeData in Frameworks */,
				81F251CD29291E1800B90C0E /* Dependencies in Frameworks */,
				81B7211729991F09006A04C1 /* ScalingHeaderScrollView in Frameworks */,
				81F22CB929DED0CB0056A536 /* AsyncAlgorithms in Frameworks */,
			);
			runOnlyForDeploymentPostprocessing = 0;
		};
		81F251A929291CFD00B90C0E /* Frameworks */ = {
			isa = PBXFrameworksBuildPhase;
			buildActionMask = 2147483647;
			files = (
			);
			runOnlyForDeploymentPostprocessing = 0;
		};
		81F251B329291CFD00B90C0E /* Frameworks */ = {
			isa = PBXFrameworksBuildPhase;
			buildActionMask = 2147483647;
			files = (
			);
			runOnlyForDeploymentPostprocessing = 0;
		};
/* End PBXFrameworksBuildPhase section */

/* Begin PBXGroup section */
		811089E329857E69001D4E58 /* ViewComponents */ = {
			isa = PBXGroup;
			children = (
				8169623A29890D8B006359F1 /* Visuals */,
				811089E429857E70001D4E58 /* ButtonStyles */,
			);
			path = ViewComponents;
			sourceTree = "<group>";
		};
		811089E429857E70001D4E58 /* ButtonStyles */ = {
			isa = PBXGroup;
			children = (
				811089E529857E7B001D4E58 /* RoundedButton.swift */,
			);
			path = ButtonStyles;
			sourceTree = "<group>";
		};
		8119D33C29C30FD900CCA5F7 /* Share */ = {
			isa = PBXGroup;
			children = (
				8119D33D29C3100300CCA5F7 /* CloudSharingController.swift */,
				8119D34129C320E100CCA5F7 /* CloudKitShareView.swift */,
			);
			path = Share;
			sourceTree = "<group>";
		};
		815550A8293F99BF000A2952 /* Extensions */ = {
			isa = PBXGroup;
			children = (
				815550A9293F99CD000A2952 /* Async+Future.swift */,
				811089E9298583D8001D4E58 /* Array+safeIndex.swift */,
				81EB50DA29883698007ABC32 /* ScaleNumbers.swift */,
				815871B12996928B0015CB30 /* Date+Stuff.swift */,
				81B72107299916F1006A04C1 /* ReverseMask.swift */,
				81B72118299925E6006A04C1 /* Array+mapInPlace.swift */,
				81B7211A2999440E006A04C1 /* Array+average.swift */,
			);
			path = Extensions;
			sourceTree = "<group>";
		};
		8159C4412941D04100716330 /* Components */ = {
			isa = PBXGroup;
			children = (
				81F8C2D4299EA98B00E225FE /* Timer */,
				81B2212229717D1C005C4A15 /* FormTextField.swift */,
				81B2212129717D1C005C4A15 /* LabelledFormView.swift */,
				8159C4422941D05400716330 /* TimerView.swift */,
				81EB50D52987BD6E007ABC32 /* ToggleView.swift */,
				8169623D298A4C72006359F1 /* AwakeRow.swift */,
				81DA975629F2C73A00F45BEC /* LoadingBadgeView.swift */,
			);
			path = Components;
			sourceTree = "<group>";
		};
		8169623A29890D8B006359F1 /* Visuals */ = {
			isa = PBXGroup;
			children = (
				8169623B29890D99006359F1 /* VisualEffect.swift */,
			);
			path = Visuals;
			sourceTree = "<group>";
		};
		81787EE7294659B90031BE99 /* Frameworks */ = {
			isa = PBXGroup;
			children = (
				81DD880F2A1174C9005E5C6D /* WidgetKit.framework */,
				81DD88112A1174CA005E5C6D /* SwiftUI.framework */,
			);
			name = Frameworks;
			sourceTree = "<group>";
		};
		818507BD29943BC700CAC510 /* ActivityTiles */ = {
			isa = PBXGroup;
			children = (
				818507BE29943BF400CAC510 /* ActivityTilesFeature.swift */,
				818507C029943C7100CAC510 /* ActivityTile.swift */,
				815871AF299682590015CB30 /* ActivityTilesView.swift */,
				815871B32996E09A0015CB30 /* ActivityTileView.swift */,
				81FD2D642998F46E00D99D9A /* ActivityTilesFactory.swift */,
			);
			path = ActivityTiles;
			sourceTree = "<group>";
		};
		81B2211E29717CD0005C4A15 /* ActivityDetail */ = {
			isa = PBXGroup;
			children = (
				81B2211F29717CDE005C4A15 /* ActivityDetailView.swift */,
				81B2212529718019005C4A15 /* ActivityDetail.swift */,
			);
			path = ActivityDetail;
			sourceTree = "<group>";
		};
		81CD4EF72937E058007CE048 /* Root */ = {
			isa = PBXGroup;
			children = (
				81CD4EF82937E060007CE048 /* RootView.swift */,
				81CD4EFC2937E0AD007CE048 /* RootFeature.swift */,
			);
			path = Root;
			sourceTree = "<group>";
		};
		81CD4EFE293917A1007CE048 /* Shared */ = {
			isa = PBXGroup;
			children = (
				81CD4EFF293917AE007CE048 /* SystemEnvironment.swift */,
			);
			path = Shared;
			sourceTree = "<group>";
		};
		81CD4F13293C88F8007CE048 /* Activity */ = {
			isa = PBXGroup;
			children = (
				81DD88032A10B791005E5C6D /* Settings */,
				8119D33C29C30FD900CCA5F7 /* Share */,
				818507BD29943BC700CAC510 /* ActivityTiles */,
				81EB50D72987C376007ABC32 /* Toggle */,
				81B2211E29717CD0005C4A15 /* ActivityDetail */,
				8159C4412941D04100716330 /* Components */,
				81CD4F14293C8918007CE048 /* ActivityFeature.swift */,
				814D3F90293CDD2E00553B46 /* ActivityView.swift */,
				8159C43D2940D55600716330 /* ActivitySectionHeaderView.swift */,
				8159C43F2941CB4B00716330 /* ActivityRowView.swift */,
				811089E129857C36001D4E58 /* ActivityButtonsView.swift */,
				811089E729858267001D4E58 /* ActivityListView.swift */,
				8169623F298A68E9006359F1 /* ActivityListAwakeRow.swift */,
			);
			path = Activity;
			sourceTree = "<group>";
		};
		81DD88032A10B791005E5C6D /* Settings */ = {
			isa = PBXGroup;
			children = (
				81DD88042A10B7A5005E5C6D /* SettingsFeature.swift */,
				81DD88062A10BDC1005E5C6D /* SettingsView.swift */,
				81DD88082A10F6FA005E5C6D /* ShareSheetFeature.swift */,
			);
			path = Settings;
			sourceTree = "<group>";
		};
		81DD88132A1174CA005E5C6D /* NaptimeWidget */ = {
			isa = PBXGroup;
			children = (
				81DD88142A1174CA005E5C6D /* NaptimeWidgetBundle.swift */,
				81DD88162A1174CA005E5C6D /* NaptimeWidgetLiveActivity.swift */,
				81DD88182A1174CA005E5C6D /* NaptimeWidget.swift */,
				81DD881A2A1174CA005E5C6D /* NaptimeWidget.intentdefinition */,
				81DD881B2A1174CC005E5C6D /* Assets.xcassets */,
				81DD881D2A1174CC005E5C6D /* Info.plist */,
				812A320B2A164FE4007303EB /* NaptimeWidgetLiveContentView.swift */,
			);
			path = NaptimeWidget;
			sourceTree = "<group>";
		};
		81EB50D72987C376007ABC32 /* Toggle */ = {
			isa = PBXGroup;
			children = (
				81EB50D82987C38E007ABC32 /* ToggleContentView.swift */,
			);
			path = Toggle;
			sourceTree = "<group>";
		};
		81F2518D29291CFC00B90C0E = {
			isa = PBXGroup;
			children = (
				81787EE6294655A60031BE99 /* NapTimeData */,
				81F2519829291CFC00B90C0E /* Naptime */,
				81F251AF29291CFD00B90C0E /* NaptimeTests */,
				81F251B929291CFD00B90C0E /* NaptimeUITests */,
				81DD88132A1174CA005E5C6D /* NaptimeWidget */,
				81F2519729291CFC00B90C0E /* Products */,
				81787EE7294659B90031BE99 /* Frameworks */,
			);
			sourceTree = "<group>";
		};
		81F2519729291CFC00B90C0E /* Products */ = {
			isa = PBXGroup;
			children = (
				81F2519629291CFC00B90C0E /* Naptime.app */,
				81F251AC29291CFD00B90C0E /* NaptimeTests.xctest */,
				81F251B629291CFD00B90C0E /* NaptimeUITests.xctest */,
				81DD880E2A1174C9005E5C6D /* NaptimeWidgetExtension.appex */,
			);
			name = Products;
			sourceTree = "<group>";
		};
		81F2519829291CFC00B90C0E /* Naptime */ = {
			isa = PBXGroup;
			children = (
				8170283429D064670053BDA6 /* Info.plist */,
				811089E329857E69001D4E58 /* ViewComponents */,
				815550A8293F99BF000A2952 /* Extensions */,
				81CD4F13293C88F8007CE048 /* Activity */,
				81CD4EFE293917A1007CE048 /* Shared */,
				81CD4EF72937E058007CE048 /* Root */,
				81F2519929291CFC00B90C0E /* NaptimeApp.swift */,
				8170283229D04B900053BDA6 /* AppDelegate.swift */,
				8170283029D04AE60053BDA6 /* SceneDelegate.swift */,
				81F251A229291CFD00B90C0E /* Assets.xcassets */,
				81F251A429291CFD00B90C0E /* Naptime.entitlements */,
				81F251A529291CFD00B90C0E /* Preview Content */,
			);
			path = Naptime;
			sourceTree = "<group>";
		};
		81F251A529291CFD00B90C0E /* Preview Content */ = {
			isa = PBXGroup;
			children = (
				81F251A629291CFD00B90C0E /* Preview Assets.xcassets */,
			);
			path = "Preview Content";
			sourceTree = "<group>";
		};
		81F251AF29291CFD00B90C0E /* NaptimeTests */ = {
			isa = PBXGroup;
			children = (
				81F251B029291CFD00B90C0E /* NaptimeTests.swift */,
			);
			path = NaptimeTests;
			sourceTree = "<group>";
		};
		81F251B929291CFD00B90C0E /* NaptimeUITests */ = {
			isa = PBXGroup;
			children = (
				8119D33A29C1C5E500CCA5F7 /* SnapshotHelper.swift */,
				81F251BA29291CFD00B90C0E /* NaptimeUITests.swift */,
				81F251BC29291CFD00B90C0E /* NaptimeUITestsLaunchTests.swift */,
			);
			path = NaptimeUITests;
			sourceTree = "<group>";
		};
		81F8C2D4299EA98B00E225FE /* Timer */ = {
			isa = PBXGroup;
			children = (
				81F8C2D5299EA99A00E225FE /* TimerFeature.swift */,
				81F8C2D7299EC72A00E225FE /* TimerFeatureView.swift */,
			);
			path = Timer;
			sourceTree = "<group>";
		};
/* End PBXGroup section */

/* Begin PBXNativeTarget section */
		81DD880D2A1174C9005E5C6D /* NaptimeWidgetExtension */ = {
			isa = PBXNativeTarget;
			buildConfigurationList = 81DD88232A1174CC005E5C6D /* Build configuration list for PBXNativeTarget "NaptimeWidgetExtension" */;
			buildPhases = (
				81DD880A2A1174C9005E5C6D /* Sources */,
				81DD880B2A1174C9005E5C6D /* Frameworks */,
				81DD880C2A1174C9005E5C6D /* Resources */,
			);
			buildRules = (
			);
			dependencies = (
			);
			name = NaptimeWidgetExtension;
			productName = NaptimeWidgetExtension;
			productReference = 81DD880E2A1174C9005E5C6D /* NaptimeWidgetExtension.appex */;
			productType = "com.apple.product-type.app-extension";
		};
		81F2519529291CFC00B90C0E /* Naptime */ = {
			isa = PBXNativeTarget;
			buildConfigurationList = 81F251C029291CFD00B90C0E /* Build configuration list for PBXNativeTarget "Naptime" */;
			buildPhases = (
				81F2519229291CFC00B90C0E /* Sources */,
				81F2519329291CFC00B90C0E /* Frameworks */,
				81F2519429291CFC00B90C0E /* Resources */,
				81DD88262A1174CC005E5C6D /* Embed Foundation Extensions */,
			);
			buildRules = (
			);
			dependencies = (
				81DD88212A1174CC005E5C6D /* PBXTargetDependency */,
			);
			name = Naptime;
			packageProductDependencies = (
				81F251CA29291E1800B90C0E /* ComposableArchitecture */,
				81F251CC29291E1800B90C0E /* Dependencies */,
				81FDB60B296D3A6E00B0231A /* NapTimeData */,
				81B7211629991F09006A04C1 /* ScalingHeaderScrollView */,
				81F22CB829DED0CB0056A536 /* AsyncAlgorithms */,
			);
			productName = Naptime;
			productReference = 81F2519629291CFC00B90C0E /* Naptime.app */;
			productType = "com.apple.product-type.application";
		};
		81F251AB29291CFD00B90C0E /* NaptimeTests */ = {
			isa = PBXNativeTarget;
			buildConfigurationList = 81F251C329291CFD00B90C0E /* Build configuration list for PBXNativeTarget "NaptimeTests" */;
			buildPhases = (
				81F251A829291CFD00B90C0E /* Sources */,
				81F251A929291CFD00B90C0E /* Frameworks */,
				81F251AA29291CFD00B90C0E /* Resources */,
			);
			buildRules = (
			);
			dependencies = (
				81F251AE29291CFD00B90C0E /* PBXTargetDependency */,
			);
			name = NaptimeTests;
			productName = NaptimeTests;
			productReference = 81F251AC29291CFD00B90C0E /* NaptimeTests.xctest */;
			productType = "com.apple.product-type.bundle.unit-test";
		};
		81F251B529291CFD00B90C0E /* NaptimeUITests */ = {
			isa = PBXNativeTarget;
			buildConfigurationList = 81F251C629291CFD00B90C0E /* Build configuration list for PBXNativeTarget "NaptimeUITests" */;
			buildPhases = (
				81F251B229291CFD00B90C0E /* Sources */,
				81F251B329291CFD00B90C0E /* Frameworks */,
				81F251B429291CFD00B90C0E /* Resources */,
			);
			buildRules = (
			);
			dependencies = (
				81F251B829291CFD00B90C0E /* PBXTargetDependency */,
			);
			name = NaptimeUITests;
			productName = NaptimeUITests;
			productReference = 81F251B629291CFD00B90C0E /* NaptimeUITests.xctest */;
			productType = "com.apple.product-type.bundle.ui-testing";
		};
/* End PBXNativeTarget section */

/* Begin PBXProject section */
		81F2518E29291CFC00B90C0E /* Project object */ = {
			isa = PBXProject;
			attributes = {
				BuildIndependentTargetsInParallel = 1;
				LastSwiftUpdateCheck = 1430;
				LastUpgradeCheck = 1410;
				TargetAttributes = {
					81DD880D2A1174C9005E5C6D = {
						CreatedOnToolsVersion = 14.3;
					};
					81F2519529291CFC00B90C0E = {
						CreatedOnToolsVersion = 14.1;
					};
					81F251AB29291CFD00B90C0E = {
						CreatedOnToolsVersion = 14.1;
						TestTargetID = 81F2519529291CFC00B90C0E;
					};
					81F251B529291CFD00B90C0E = {
						CreatedOnToolsVersion = 14.1;
						TestTargetID = 81F2519529291CFC00B90C0E;
					};
				};
			};
			buildConfigurationList = 81F2519129291CFC00B90C0E /* Build configuration list for PBXProject "Naptime" */;
			compatibilityVersion = "Xcode 14.0";
			developmentRegion = en;
			hasScannedForEncodings = 0;
			knownRegions = (
				en,
				Base,
			);
			mainGroup = 81F2518D29291CFC00B90C0E;
			packageReferences = (
				81F251C929291E1800B90C0E /* XCRemoteSwiftPackageReference "swift-composable-architecture" */,
				81B7211529991F09006A04C1 /* XCRemoteSwiftPackageReference "ScalingHeaderScrollView" */,
				81F22CB729DED0CB0056A536 /* XCRemoteSwiftPackageReference "swift-async-algorithms" */,
			);
			productRefGroup = 81F2519729291CFC00B90C0E /* Products */;
			projectDirPath = "";
			projectRoot = "";
			targets = (
				81F2519529291CFC00B90C0E /* Naptime */,
				81F251AB29291CFD00B90C0E /* NaptimeTests */,
				81F251B529291CFD00B90C0E /* NaptimeUITests */,
				81DD880D2A1174C9005E5C6D /* NaptimeWidgetExtension */,
			);
		};
/* End PBXProject section */

/* Begin PBXResourcesBuildPhase section */
		81DD880C2A1174C9005E5C6D /* Resources */ = {
			isa = PBXResourcesBuildPhase;
			buildActionMask = 2147483647;
			files = (
				812A320D2A16505D007303EB /* Assets.xcassets in Resources */,
				81DD881C2A1174CC005E5C6D /* Assets.xcassets in Resources */,
			);
			runOnlyForDeploymentPostprocessing = 0;
		};
		81F2519429291CFC00B90C0E /* Resources */ = {
			isa = PBXResourcesBuildPhase;
			buildActionMask = 2147483647;
			files = (
				81F251A729291CFD00B90C0E /* Preview Assets.xcassets in Resources */,
				81F251A329291CFD00B90C0E /* Assets.xcassets in Resources */,
			);
			runOnlyForDeploymentPostprocessing = 0;
		};
		81F251AA29291CFD00B90C0E /* Resources */ = {
			isa = PBXResourcesBuildPhase;
			buildActionMask = 2147483647;
			files = (
			);
			runOnlyForDeploymentPostprocessing = 0;
		};
		81F251B429291CFD00B90C0E /* Resources */ = {
			isa = PBXResourcesBuildPhase;
			buildActionMask = 2147483647;
			files = (
			);
			runOnlyForDeploymentPostprocessing = 0;
		};
/* End PBXResourcesBuildPhase section */

/* Begin PBXSourcesBuildPhase section */
		81DD880A2A1174C9005E5C6D /* Sources */ = {
			isa = PBXSourcesBuildPhase;
			buildActionMask = 2147483647;
			files = (
				812A320E2A165582007303EB /* NaptimeWidgetLiveContentView.swift in Sources */,
				81DD88152A1174CA005E5C6D /* NaptimeWidgetBundle.swift in Sources */,
				81DD881E2A1174CC005E5C6D /* NaptimeWidget.intentdefinition in Sources */,
				81DD88192A1174CA005E5C6D /* NaptimeWidget.swift in Sources */,
				81DD88172A1174CA005E5C6D /* NaptimeWidgetLiveActivity.swift in Sources */,
			);
			runOnlyForDeploymentPostprocessing = 0;
		};
		81F2519229291CFC00B90C0E /* Sources */ = {
			isa = PBXSourcesBuildPhase;
			buildActionMask = 2147483647;
			files = (
				815871B42996E09A0015CB30 /* ActivityTileView.swift in Sources */,
				81FD2D652998F46E00D99D9A /* ActivityTilesFactory.swift in Sources */,
				811089E829858267001D4E58 /* ActivityListView.swift in Sources */,
				81B2212029717CDE005C4A15 /* ActivityDetailView.swift in Sources */,
				8159C4402941CB4B00716330 /* ActivityRowView.swift in Sources */,
				812A320F2A16558C007303EB /* NaptimeWidgetLiveContentView.swift in Sources */,
				811089E229857C36001D4E58 /* ActivityButtonsView.swift in Sources */,
				81DD88272A117ABB005E5C6D /* NaptimeWidgetLiveActivity.swift in Sources */,
				81F2519A29291CFC00B90C0E /* NaptimeApp.swift in Sources */,
				8169623E298A4C72006359F1 /* AwakeRow.swift in Sources */,
				8159C43E2940D55600716330 /* ActivitySectionHeaderView.swift in Sources */,
				81696240298A68E9006359F1 /* ActivityListAwakeRow.swift in Sources */,
				818507C129943C7100CAC510 /* ActivityTile.swift in Sources */,
				81DD88052A10B7A5005E5C6D /* SettingsFeature.swift in Sources */,
				8159C4432941D05400716330 /* TimerView.swift in Sources */,
				81DD881F2A1174CC005E5C6D /* NaptimeWidget.intentdefinition in Sources */,
				814D3F91293CDD2E00553B46 /* ActivityView.swift in Sources */,
				815550AA293F99CD000A2952 /* Async+Future.swift in Sources */,
				81CD4F15293C8918007CE048 /* ActivityFeature.swift in Sources */,
				81CD4EFD2937E0AD007CE048 /* RootFeature.swift in Sources */,
				81B2212629718019005C4A15 /* ActivityDetail.swift in Sources */,
				81F8C2D8299EC72A00E225FE /* TimerFeatureView.swift in Sources */,
				81DD88092A10F6FA005E5C6D /* ShareSheetFeature.swift in Sources */,
				811089E629857E7B001D4E58 /* RoundedButton.swift in Sources */,
				81EB50DB29883698007ABC32 /* ScaleNumbers.swift in Sources */,
				81DD88072A10BDC1005E5C6D /* SettingsView.swift in Sources */,
				818507BF29943BF400CAC510 /* ActivityTilesFeature.swift in Sources */,
				8170283329D04B920053BDA6 /* AppDelegate.swift in Sources */,
				811089EA298583D8001D4E58 /* Array+safeIndex.swift in Sources */,
				81B72119299925E6006A04C1 /* Array+mapInPlace.swift in Sources */,
				81EB50D92987C38E007ABC32 /* ToggleContentView.swift in Sources */,
				81B2212329717D1C005C4A15 /* LabelledFormView.swift in Sources */,
				81F8C2D6299EA99A00E225FE /* TimerFeature.swift in Sources */,
				81B2212429717D1C005C4A15 /* FormTextField.swift in Sources */,
				81CD4EF92937E060007CE048 /* RootView.swift in Sources */,
				81DA975729F2C73A00F45BEC /* LoadingBadgeView.swift in Sources */,
				815871B0299682590015CB30 /* ActivityTilesView.swift in Sources */,
				815871B22996928B0015CB30 /* Date+Stuff.swift in Sources */,
				81CD4F00293917AE007CE048 /* SystemEnvironment.swift in Sources */,
				8119D34229C320E100CCA5F7 /* CloudKitShareView.swift in Sources */,
				8169623C29890D99006359F1 /* VisualEffect.swift in Sources */,
				81B72108299916F1006A04C1 /* ReverseMask.swift in Sources */,
				81B7211B2999440E006A04C1 /* Array+average.swift in Sources */,
				8170283129D04AEA0053BDA6 /* SceneDelegate.swift in Sources */,
				8119D33E29C3100300CCA5F7 /* CloudSharingController.swift in Sources */,
				81EB50D62987BD6E007ABC32 /* ToggleView.swift in Sources */,
			);
			runOnlyForDeploymentPostprocessing = 0;
		};
		81F251A829291CFD00B90C0E /* Sources */ = {
			isa = PBXSourcesBuildPhase;
			buildActionMask = 2147483647;
			files = (
				81F251B129291CFD00B90C0E /* NaptimeTests.swift in Sources */,
			);
			runOnlyForDeploymentPostprocessing = 0;
		};
		81F251B229291CFD00B90C0E /* Sources */ = {
			isa = PBXSourcesBuildPhase;
			buildActionMask = 2147483647;
			files = (
				81F251BB29291CFD00B90C0E /* NaptimeUITests.swift in Sources */,
				81F251BD29291CFD00B90C0E /* NaptimeUITestsLaunchTests.swift in Sources */,
				8119D33B29C1C5E500CCA5F7 /* SnapshotHelper.swift in Sources */,
			);
			runOnlyForDeploymentPostprocessing = 0;
		};
/* End PBXSourcesBuildPhase section */

/* Begin PBXTargetDependency section */
		81DD88212A1174CC005E5C6D /* PBXTargetDependency */ = {
			isa = PBXTargetDependency;
			target = 81DD880D2A1174C9005E5C6D /* NaptimeWidgetExtension */;
			targetProxy = 81DD88202A1174CC005E5C6D /* PBXContainerItemProxy */;
		};
		81F251AE29291CFD00B90C0E /* PBXTargetDependency */ = {
			isa = PBXTargetDependency;
			target = 81F2519529291CFC00B90C0E /* Naptime */;
			targetProxy = 81F251AD29291CFD00B90C0E /* PBXContainerItemProxy */;
		};
		81F251B829291CFD00B90C0E /* PBXTargetDependency */ = {
			isa = PBXTargetDependency;
			target = 81F2519529291CFC00B90C0E /* Naptime */;
			targetProxy = 81F251B729291CFD00B90C0E /* PBXContainerItemProxy */;
		};
/* End PBXTargetDependency section */

/* Begin XCBuildConfiguration section */
		81DD88242A1174CC005E5C6D /* Debug */ = {
			isa = XCBuildConfiguration;
			buildSettings = {
				ASSETCATALOG_COMPILER_GLOBAL_ACCENT_COLOR_NAME = AccentColor;
				ASSETCATALOG_COMPILER_WIDGET_BACKGROUND_COLOR_NAME = WidgetBackground;
				CODE_SIGN_STYLE = Automatic;
				CURRENT_PROJECT_VERSION = 1;
				DEVELOPMENT_TEAM = 6Y9C574C9M;
				GENERATE_INFOPLIST_FILE = YES;
				INFOPLIST_FILE = NaptimeWidget/Info.plist;
				INFOPLIST_KEY_CFBundleDisplayName = NaptimeWidget;
				INFOPLIST_KEY_NSHumanReadableCopyright = "";
				IPHONEOS_DEPLOYMENT_TARGET = 16.2;
				LD_RUNPATH_SEARCH_PATHS = (
					"$(inherited)",
					"@executable_path/Frameworks",
					"@executable_path/../../Frameworks",
				);
				MARKETING_VERSION = 1.0;
				PRODUCT_BUNDLE_IDENTIFIER = com.hotky.Naptime.NaptimeWidget;
				PRODUCT_NAME = "$(TARGET_NAME)";
				SDKROOT = iphoneos;
				SKIP_INSTALL = YES;
				SWIFT_EMIT_LOC_STRINGS = YES;
				SWIFT_VERSION = 5.0;
				TARGETED_DEVICE_FAMILY = "1,2";
			};
			name = Debug;
		};
		81DD88252A1174CC005E5C6D /* Release */ = {
			isa = XCBuildConfiguration;
			buildSettings = {
				ASSETCATALOG_COMPILER_GLOBAL_ACCENT_COLOR_NAME = AccentColor;
				ASSETCATALOG_COMPILER_WIDGET_BACKGROUND_COLOR_NAME = WidgetBackground;
				CODE_SIGN_STYLE = Automatic;
				CURRENT_PROJECT_VERSION = 1;
				DEVELOPMENT_TEAM = 6Y9C574C9M;
				GENERATE_INFOPLIST_FILE = YES;
				INFOPLIST_FILE = NaptimeWidget/Info.plist;
				INFOPLIST_KEY_CFBundleDisplayName = NaptimeWidget;
				INFOPLIST_KEY_NSHumanReadableCopyright = "";
				IPHONEOS_DEPLOYMENT_TARGET = 16.2;
				LD_RUNPATH_SEARCH_PATHS = (
					"$(inherited)",
					"@executable_path/Frameworks",
					"@executable_path/../../Frameworks",
				);
				MARKETING_VERSION = 1.0;
				PRODUCT_BUNDLE_IDENTIFIER = com.hotky.Naptime.NaptimeWidget;
				PRODUCT_NAME = "$(TARGET_NAME)";
				SDKROOT = iphoneos;
				SKIP_INSTALL = YES;
				SWIFT_EMIT_LOC_STRINGS = YES;
				SWIFT_VERSION = 5.0;
				TARGETED_DEVICE_FAMILY = "1,2";
				VALIDATE_PRODUCT = YES;
			};
			name = Release;
		};
		81F251BE29291CFD00B90C0E /* Debug */ = {
			isa = XCBuildConfiguration;
			buildSettings = {
				ALWAYS_SEARCH_USER_PATHS = NO;
				CLANG_ANALYZER_NONNULL = YES;
				CLANG_ANALYZER_NUMBER_OBJECT_CONVERSION = YES_AGGRESSIVE;
				CLANG_CXX_LANGUAGE_STANDARD = "gnu++20";
				CLANG_ENABLE_MODULES = YES;
				CLANG_ENABLE_OBJC_ARC = YES;
				CLANG_ENABLE_OBJC_WEAK = YES;
				CLANG_WARN_BLOCK_CAPTURE_AUTORELEASING = YES;
				CLANG_WARN_BOOL_CONVERSION = YES;
				CLANG_WARN_COMMA = YES;
				CLANG_WARN_CONSTANT_CONVERSION = YES;
				CLANG_WARN_DEPRECATED_OBJC_IMPLEMENTATIONS = YES;
				CLANG_WARN_DIRECT_OBJC_ISA_USAGE = YES_ERROR;
				CLANG_WARN_DOCUMENTATION_COMMENTS = YES;
				CLANG_WARN_EMPTY_BODY = YES;
				CLANG_WARN_ENUM_CONVERSION = YES;
				CLANG_WARN_INFINITE_RECURSION = YES;
				CLANG_WARN_INT_CONVERSION = YES;
				CLANG_WARN_NON_LITERAL_NULL_CONVERSION = YES;
				CLANG_WARN_OBJC_IMPLICIT_RETAIN_SELF = YES;
				CLANG_WARN_OBJC_LITERAL_CONVERSION = YES;
				CLANG_WARN_OBJC_ROOT_CLASS = YES_ERROR;
				CLANG_WARN_QUOTED_INCLUDE_IN_FRAMEWORK_HEADER = YES;
				CLANG_WARN_RANGE_LOOP_ANALYSIS = YES;
				CLANG_WARN_STRICT_PROTOTYPES = YES;
				CLANG_WARN_SUSPICIOUS_MOVE = YES;
				CLANG_WARN_UNGUARDED_AVAILABILITY = YES_AGGRESSIVE;
				CLANG_WARN_UNREACHABLE_CODE = YES;
				CLANG_WARN__DUPLICATE_METHOD_MATCH = YES;
				COPY_PHASE_STRIP = NO;
				DEBUG_INFORMATION_FORMAT = dwarf;
				ENABLE_STRICT_OBJC_MSGSEND = YES;
				ENABLE_TESTABILITY = YES;
				GCC_C_LANGUAGE_STANDARD = gnu11;
				GCC_DYNAMIC_NO_PIC = NO;
				GCC_NO_COMMON_BLOCKS = YES;
				GCC_OPTIMIZATION_LEVEL = 0;
				GCC_PREPROCESSOR_DEFINITIONS = (
					"DEBUG=1",
					"$(inherited)",
				);
				GCC_WARN_64_TO_32_BIT_CONVERSION = YES;
				GCC_WARN_ABOUT_RETURN_TYPE = YES_ERROR;
				GCC_WARN_UNDECLARED_SELECTOR = YES;
				GCC_WARN_UNINITIALIZED_AUTOS = YES_AGGRESSIVE;
				GCC_WARN_UNUSED_FUNCTION = YES;
				GCC_WARN_UNUSED_VARIABLE = YES;
				MTL_ENABLE_DEBUG_INFO = INCLUDE_SOURCE;
				MTL_FAST_MATH = YES;
				ONLY_ACTIVE_ARCH = YES;
				SWIFT_ACTIVE_COMPILATION_CONDITIONS = DEBUG;
				SWIFT_OPTIMIZATION_LEVEL = "-Onone";
			};
			name = Debug;
		};
		81F251BF29291CFD00B90C0E /* Release */ = {
			isa = XCBuildConfiguration;
			buildSettings = {
				ALWAYS_SEARCH_USER_PATHS = NO;
				CLANG_ANALYZER_NONNULL = YES;
				CLANG_ANALYZER_NUMBER_OBJECT_CONVERSION = YES_AGGRESSIVE;
				CLANG_CXX_LANGUAGE_STANDARD = "gnu++20";
				CLANG_ENABLE_MODULES = YES;
				CLANG_ENABLE_OBJC_ARC = YES;
				CLANG_ENABLE_OBJC_WEAK = YES;
				CLANG_WARN_BLOCK_CAPTURE_AUTORELEASING = YES;
				CLANG_WARN_BOOL_CONVERSION = YES;
				CLANG_WARN_COMMA = YES;
				CLANG_WARN_CONSTANT_CONVERSION = YES;
				CLANG_WARN_DEPRECATED_OBJC_IMPLEMENTATIONS = YES;
				CLANG_WARN_DIRECT_OBJC_ISA_USAGE = YES_ERROR;
				CLANG_WARN_DOCUMENTATION_COMMENTS = YES;
				CLANG_WARN_EMPTY_BODY = YES;
				CLANG_WARN_ENUM_CONVERSION = YES;
				CLANG_WARN_INFINITE_RECURSION = YES;
				CLANG_WARN_INT_CONVERSION = YES;
				CLANG_WARN_NON_LITERAL_NULL_CONVERSION = YES;
				CLANG_WARN_OBJC_IMPLICIT_RETAIN_SELF = YES;
				CLANG_WARN_OBJC_LITERAL_CONVERSION = YES;
				CLANG_WARN_OBJC_ROOT_CLASS = YES_ERROR;
				CLANG_WARN_QUOTED_INCLUDE_IN_FRAMEWORK_HEADER = YES;
				CLANG_WARN_RANGE_LOOP_ANALYSIS = YES;
				CLANG_WARN_STRICT_PROTOTYPES = YES;
				CLANG_WARN_SUSPICIOUS_MOVE = YES;
				CLANG_WARN_UNGUARDED_AVAILABILITY = YES_AGGRESSIVE;
				CLANG_WARN_UNREACHABLE_CODE = YES;
				CLANG_WARN__DUPLICATE_METHOD_MATCH = YES;
				COPY_PHASE_STRIP = NO;
				DEBUG_INFORMATION_FORMAT = "dwarf-with-dsym";
				ENABLE_NS_ASSERTIONS = NO;
				ENABLE_STRICT_OBJC_MSGSEND = YES;
				GCC_C_LANGUAGE_STANDARD = gnu11;
				GCC_NO_COMMON_BLOCKS = YES;
				GCC_WARN_64_TO_32_BIT_CONVERSION = YES;
				GCC_WARN_ABOUT_RETURN_TYPE = YES_ERROR;
				GCC_WARN_UNDECLARED_SELECTOR = YES;
				GCC_WARN_UNINITIALIZED_AUTOS = YES_AGGRESSIVE;
				GCC_WARN_UNUSED_FUNCTION = YES;
				GCC_WARN_UNUSED_VARIABLE = YES;
				MTL_ENABLE_DEBUG_INFO = NO;
				MTL_FAST_MATH = YES;
				SWIFT_COMPILATION_MODE = wholemodule;
				SWIFT_OPTIMIZATION_LEVEL = "-O";
			};
			name = Release;
		};
		81F251C129291CFD00B90C0E /* Debug */ = {
			isa = XCBuildConfiguration;
			buildSettings = {
				ALWAYS_EMBED_SWIFT_STANDARD_LIBRARIES = YES;
				ASSETCATALOG_COMPILER_APPICON_NAME = AppIcon;
				ASSETCATALOG_COMPILER_GLOBAL_ACCENT_COLOR_NAME = AccentColor;
				CODE_SIGN_ENTITLEMENTS = Naptime/Naptime.entitlements;
				CODE_SIGN_STYLE = Automatic;
				CURRENT_PROJECT_VERSION = 2;
				DEVELOPMENT_ASSET_PATHS = "\"Naptime/Preview Content\"";
				DEVELOPMENT_TEAM = 6Y9C574C9M;
				ENABLE_HARDENED_RUNTIME = YES;
				ENABLE_PREVIEWS = YES;
				GENERATE_INFOPLIST_FILE = YES;
				INFOPLIST_FILE = Naptime/Info.plist;
				INFOPLIST_KEY_LSApplicationCategoryType = "public.app-category.healthcare-fitness";
				INFOPLIST_KEY_NSSupportsLiveActivities = YES;
				"INFOPLIST_KEY_UIApplicationSceneManifest_Generation[sdk=iphoneos*]" = YES;
				"INFOPLIST_KEY_UIApplicationSceneManifest_Generation[sdk=iphonesimulator*]" = YES;
				"INFOPLIST_KEY_UIApplicationSupportsIndirectInputEvents[sdk=iphoneos*]" = YES;
				"INFOPLIST_KEY_UIApplicationSupportsIndirectInputEvents[sdk=iphonesimulator*]" = YES;
				"INFOPLIST_KEY_UILaunchScreen_Generation[sdk=iphoneos*]" = YES;
				"INFOPLIST_KEY_UILaunchScreen_Generation[sdk=iphonesimulator*]" = YES;
				INFOPLIST_KEY_UIRequiresFullScreen = NO;
				"INFOPLIST_KEY_UIStatusBarStyle[sdk=iphoneos*]" = UIStatusBarStyleDefault;
				"INFOPLIST_KEY_UIStatusBarStyle[sdk=iphonesimulator*]" = UIStatusBarStyleDefault;
				INFOPLIST_KEY_UISupportedInterfaceOrientations = UIInterfaceOrientationPortrait;
				INFOPLIST_KEY_UISupportedInterfaceOrientations_iPad = "UIInterfaceOrientationLandscapeLeft UIInterfaceOrientationLandscapeRight UIInterfaceOrientationPortrait UIInterfaceOrientationPortraitUpsideDown";
				IPHONEOS_DEPLOYMENT_TARGET = 16.0;
				LD_RUNPATH_SEARCH_PATHS = "@executable_path/Frameworks";
				"LD_RUNPATH_SEARCH_PATHS[sdk=macosx*]" = "@executable_path/../Frameworks";
				MACOSX_DEPLOYMENT_TARGET = 13.0;
				MARKETING_VERSION = 1.1.0;
				PRODUCT_BUNDLE_IDENTIFIER = com.hotky.Naptime;
				PRODUCT_NAME = "$(TARGET_NAME)";
				SDKROOT = auto;
				SUPPORTED_PLATFORMS = "iphoneos iphonesimulator macosx";
				SUPPORTS_MACCATALYST = NO;
				SUPPORTS_MAC_DESIGNED_FOR_IPHONE_IPAD = NO;
				SWIFT_EMIT_LOC_STRINGS = YES;
				SWIFT_VERSION = 5.0;
				TARGETED_DEVICE_FAMILY = 1;
			};
			name = Debug;
		};
		81F251C229291CFD00B90C0E /* Release */ = {
			isa = XCBuildConfiguration;
			buildSettings = {
				ALWAYS_EMBED_SWIFT_STANDARD_LIBRARIES = YES;
				ASSETCATALOG_COMPILER_APPICON_NAME = AppIcon;
				ASSETCATALOG_COMPILER_GLOBAL_ACCENT_COLOR_NAME = AccentColor;
				CODE_SIGN_ENTITLEMENTS = Naptime/Naptime.entitlements;
				CODE_SIGN_STYLE = Automatic;
				CURRENT_PROJECT_VERSION = 2;
				DEVELOPMENT_ASSET_PATHS = "\"Naptime/Preview Content\"";
				DEVELOPMENT_TEAM = 6Y9C574C9M;
				ENABLE_HARDENED_RUNTIME = YES;
				ENABLE_PREVIEWS = YES;
				GENERATE_INFOPLIST_FILE = YES;
				INFOPLIST_FILE = Naptime/Info.plist;
				INFOPLIST_KEY_LSApplicationCategoryType = "public.app-category.healthcare-fitness";
				INFOPLIST_KEY_NSSupportsLiveActivities = YES;
				"INFOPLIST_KEY_UIApplicationSceneManifest_Generation[sdk=iphoneos*]" = YES;
				"INFOPLIST_KEY_UIApplicationSceneManifest_Generation[sdk=iphonesimulator*]" = YES;
				"INFOPLIST_KEY_UIApplicationSupportsIndirectInputEvents[sdk=iphoneos*]" = YES;
				"INFOPLIST_KEY_UIApplicationSupportsIndirectInputEvents[sdk=iphonesimulator*]" = YES;
				"INFOPLIST_KEY_UILaunchScreen_Generation[sdk=iphoneos*]" = YES;
				"INFOPLIST_KEY_UILaunchScreen_Generation[sdk=iphonesimulator*]" = YES;
				INFOPLIST_KEY_UIRequiresFullScreen = NO;
				"INFOPLIST_KEY_UIStatusBarStyle[sdk=iphoneos*]" = UIStatusBarStyleDefault;
				"INFOPLIST_KEY_UIStatusBarStyle[sdk=iphonesimulator*]" = UIStatusBarStyleDefault;
				INFOPLIST_KEY_UISupportedInterfaceOrientations = UIInterfaceOrientationPortrait;
				INFOPLIST_KEY_UISupportedInterfaceOrientations_iPad = "UIInterfaceOrientationLandscapeLeft UIInterfaceOrientationLandscapeRight UIInterfaceOrientationPortrait UIInterfaceOrientationPortraitUpsideDown";
				IPHONEOS_DEPLOYMENT_TARGET = 16.0;
				LD_RUNPATH_SEARCH_PATHS = "@executable_path/Frameworks";
				"LD_RUNPATH_SEARCH_PATHS[sdk=macosx*]" = "@executable_path/../Frameworks";
				MACOSX_DEPLOYMENT_TARGET = 13.0;
				MARKETING_VERSION = 1.1.0;
				PRODUCT_BUNDLE_IDENTIFIER = com.hotky.Naptime;
				PRODUCT_NAME = "$(TARGET_NAME)";
				SDKROOT = auto;
				SUPPORTED_PLATFORMS = "iphoneos iphonesimulator macosx";
				SUPPORTS_MACCATALYST = NO;
				SUPPORTS_MAC_DESIGNED_FOR_IPHONE_IPAD = NO;
				SWIFT_EMIT_LOC_STRINGS = YES;
				SWIFT_VERSION = 5.0;
				TARGETED_DEVICE_FAMILY = 1;
			};
			name = Release;
		};
		81F251C429291CFD00B90C0E /* Debug */ = {
			isa = XCBuildConfiguration;
			buildSettings = {
				ALWAYS_EMBED_SWIFT_STANDARD_LIBRARIES = YES;
				BUNDLE_LOADER = "$(TEST_HOST)";
				CODE_SIGN_STYLE = Automatic;
				CURRENT_PROJECT_VERSION = 1;
				DEVELOPMENT_TEAM = 6Y9C574C9M;
				GENERATE_INFOPLIST_FILE = YES;
				IPHONEOS_DEPLOYMENT_TARGET = 16.1;
				MACOSX_DEPLOYMENT_TARGET = 13.0;
				MARKETING_VERSION = 1.0;
				PRODUCT_BUNDLE_IDENTIFIER = com.hotky.NaptimeTests;
				PRODUCT_NAME = "$(TARGET_NAME)";
				SDKROOT = auto;
				SUPPORTED_PLATFORMS = "iphoneos iphonesimulator macosx";
				SWIFT_EMIT_LOC_STRINGS = NO;
				SWIFT_VERSION = 5.0;
				TARGETED_DEVICE_FAMILY = "1,2";
				TEST_HOST = "$(BUILT_PRODUCTS_DIR)/Naptime.app/$(BUNDLE_EXECUTABLE_FOLDER_PATH)/Naptime";
			};
			name = Debug;
		};
		81F251C529291CFD00B90C0E /* Release */ = {
			isa = XCBuildConfiguration;
			buildSettings = {
				ALWAYS_EMBED_SWIFT_STANDARD_LIBRARIES = YES;
				BUNDLE_LOADER = "$(TEST_HOST)";
				CODE_SIGN_STYLE = Automatic;
				CURRENT_PROJECT_VERSION = 1;
				DEVELOPMENT_TEAM = 6Y9C574C9M;
				GENERATE_INFOPLIST_FILE = YES;
				IPHONEOS_DEPLOYMENT_TARGET = 16.1;
				MACOSX_DEPLOYMENT_TARGET = 13.0;
				MARKETING_VERSION = 1.0;
				PRODUCT_BUNDLE_IDENTIFIER = com.hotky.NaptimeTests;
				PRODUCT_NAME = "$(TARGET_NAME)";
				SDKROOT = auto;
				SUPPORTED_PLATFORMS = "iphoneos iphonesimulator macosx";
				SWIFT_EMIT_LOC_STRINGS = NO;
				SWIFT_VERSION = 5.0;
				TARGETED_DEVICE_FAMILY = "1,2";
				TEST_HOST = "$(BUILT_PRODUCTS_DIR)/Naptime.app/$(BUNDLE_EXECUTABLE_FOLDER_PATH)/Naptime";
			};
			name = Release;
		};
		81F251C729291CFD00B90C0E /* Debug */ = {
			isa = XCBuildConfiguration;
			buildSettings = {
				ALWAYS_EMBED_SWIFT_STANDARD_LIBRARIES = YES;
				CODE_SIGN_STYLE = Automatic;
				CURRENT_PROJECT_VERSION = 1;
				DEVELOPMENT_TEAM = 6Y9C574C9M;
				GENERATE_INFOPLIST_FILE = YES;
				IPHONEOS_DEPLOYMENT_TARGET = 16.1;
				MACOSX_DEPLOYMENT_TARGET = 13.0;
				MARKETING_VERSION = 1.0;
				PRODUCT_BUNDLE_IDENTIFIER = com.hotky.NaptimeUITests;
				PRODUCT_NAME = "$(TARGET_NAME)";
				SDKROOT = auto;
				SUPPORTED_PLATFORMS = "iphoneos iphonesimulator macosx";
				SWIFT_EMIT_LOC_STRINGS = NO;
				SWIFT_VERSION = 5.0;
				TARGETED_DEVICE_FAMILY = "1,2";
				TEST_TARGET_NAME = Naptime;
			};
			name = Debug;
		};
		81F251C829291CFD00B90C0E /* Release */ = {
			isa = XCBuildConfiguration;
			buildSettings = {
				ALWAYS_EMBED_SWIFT_STANDARD_LIBRARIES = YES;
				CODE_SIGN_STYLE = Automatic;
				CURRENT_PROJECT_VERSION = 1;
				DEVELOPMENT_TEAM = 6Y9C574C9M;
				GENERATE_INFOPLIST_FILE = YES;
				IPHONEOS_DEPLOYMENT_TARGET = 16.1;
				MACOSX_DEPLOYMENT_TARGET = 13.0;
				MARKETING_VERSION = 1.0;
				PRODUCT_BUNDLE_IDENTIFIER = com.hotky.NaptimeUITests;
				PRODUCT_NAME = "$(TARGET_NAME)";
				SDKROOT = auto;
				SUPPORTED_PLATFORMS = "iphoneos iphonesimulator macosx";
				SWIFT_EMIT_LOC_STRINGS = NO;
				SWIFT_VERSION = 5.0;
				TARGETED_DEVICE_FAMILY = "1,2";
				TEST_TARGET_NAME = Naptime;
			};
			name = Release;
		};
/* End XCBuildConfiguration section */

/* Begin XCConfigurationList section */
		81DD88232A1174CC005E5C6D /* Build configuration list for PBXNativeTarget "NaptimeWidgetExtension" */ = {
			isa = XCConfigurationList;
			buildConfigurations = (
				81DD88242A1174CC005E5C6D /* Debug */,
				81DD88252A1174CC005E5C6D /* Release */,
			);
			defaultConfigurationIsVisible = 0;
			defaultConfigurationName = Release;
		};
		81F2519129291CFC00B90C0E /* Build configuration list for PBXProject "Naptime" */ = {
			isa = XCConfigurationList;
			buildConfigurations = (
				81F251BE29291CFD00B90C0E /* Debug */,
				81F251BF29291CFD00B90C0E /* Release */,
			);
			defaultConfigurationIsVisible = 0;
			defaultConfigurationName = Release;
		};
		81F251C029291CFD00B90C0E /* Build configuration list for PBXNativeTarget "Naptime" */ = {
			isa = XCConfigurationList;
			buildConfigurations = (
				81F251C129291CFD00B90C0E /* Debug */,
				81F251C229291CFD00B90C0E /* Release */,
			);
			defaultConfigurationIsVisible = 0;
			defaultConfigurationName = Release;
		};
		81F251C329291CFD00B90C0E /* Build configuration list for PBXNativeTarget "NaptimeTests" */ = {
			isa = XCConfigurationList;
			buildConfigurations = (
				81F251C429291CFD00B90C0E /* Debug */,
				81F251C529291CFD00B90C0E /* Release */,
			);
			defaultConfigurationIsVisible = 0;
			defaultConfigurationName = Release;
		};
		81F251C629291CFD00B90C0E /* Build configuration list for PBXNativeTarget "NaptimeUITests" */ = {
			isa = XCConfigurationList;
			buildConfigurations = (
				81F251C729291CFD00B90C0E /* Debug */,
				81F251C829291CFD00B90C0E /* Release */,
			);
			defaultConfigurationIsVisible = 0;
			defaultConfigurationName = Release;
		};
/* End XCConfigurationList section */

/* Begin XCRemoteSwiftPackageReference section */
		81B7211529991F09006A04C1 /* XCRemoteSwiftPackageReference "ScalingHeaderScrollView" */ = {
			isa = XCRemoteSwiftPackageReference;
			repositoryURL = "https://github.com/LucaKaufmann/ScalingHeaderScrollView";
			requirement = {
				branch = master;
				kind = branch;
			};
		};
		81F22CB729DED0CB0056A536 /* XCRemoteSwiftPackageReference "swift-async-algorithms" */ = {
			isa = XCRemoteSwiftPackageReference;
			repositoryURL = "https://github.com/apple/swift-async-algorithms";
			requirement = {
				kind = upToNextMajorVersion;
				minimumVersion = 0.1.0;
			};
		};
		81F251C929291E1800B90C0E /* XCRemoteSwiftPackageReference "swift-composable-architecture" */ = {
			isa = XCRemoteSwiftPackageReference;
			repositoryURL = "https://github.com/pointfreeco/swift-composable-architecture";
			requirement = {
				branch = "navigation-beta";
				kind = branch;
			};
		};
/* End XCRemoteSwiftPackageReference section */

/* Begin XCSwiftPackageProductDependency section */
		81B7211629991F09006A04C1 /* ScalingHeaderScrollView */ = {
			isa = XCSwiftPackageProductDependency;
			package = 81B7211529991F09006A04C1 /* XCRemoteSwiftPackageReference "ScalingHeaderScrollView" */;
			productName = ScalingHeaderScrollView;
		};
		81F22CB829DED0CB0056A536 /* AsyncAlgorithms */ = {
			isa = XCSwiftPackageProductDependency;
			package = 81F22CB729DED0CB0056A536 /* XCRemoteSwiftPackageReference "swift-async-algorithms" */;
			productName = AsyncAlgorithms;
		};
		81F251CA29291E1800B90C0E /* ComposableArchitecture */ = {
			isa = XCSwiftPackageProductDependency;
			package = 81F251C929291E1800B90C0E /* XCRemoteSwiftPackageReference "swift-composable-architecture" */;
			productName = ComposableArchitecture;
		};
		81F251CC29291E1800B90C0E /* Dependencies */ = {
			isa = XCSwiftPackageProductDependency;
			package = 81F251C929291E1800B90C0E /* XCRemoteSwiftPackageReference "swift-composable-architecture" */;
			productName = Dependencies;
		};
		81FDB60B296D3A6E00B0231A /* NapTimeData */ = {
			isa = XCSwiftPackageProductDependency;
			productName = NapTimeData;
		};
/* End XCSwiftPackageProductDependency section */
	};
	rootObject = 81F2518E29291CFC00B90C0E /* Project object */;
}
